Microsoft Visual Studio Solution File, Format Version 12.00
# Visual Studio 14
VisualStudioVersion = 14.0.24720.0
MinimumVisualStudioVersion = 10.0.40219.1
Project("{8BC9CEB8-8B4A-11D0-8D11-00A0C91BC942}") = "Locator", "Locator.vcxproj", "{52E0F2E1-25FE-4F22-B82C-B000972D8F5A}"
EndProject
Project("{8BC9CEB8-8B4A-11D0-8D11-00A0C91BC942}") = "cml", "..\cml\cml.vcxproj", "{8D451493-65C2-49C3-ADAE-ACB17E6B0650}"
EndProject
Project("{8BC9CEB8-8B4A-11D0-8D11-00A0C91BC942}") = "CSCommon", "..\CSCommon\CSCommon.vcxproj", "{CBD109C1-1AA3-4A57-B439-9919C08FAAA5}"
EndProject
Project("{8BC9CEB8-8B4A-11D0-8D11-00A0C91BC942}") = "SafeUDP", "..\SafeUDP\SafeUDP.vcxproj", "{6C8069BD-5E8C-41EC-8BD9-2F819291BA67}"
EndProject
Project("{8BC9CEB8-8B4A-11D0-8D11-00A0C91BC942}") = "MDatabase", "..\MDatabase\MDatabase.vcxproj", "{98475FA7-BEA2-42EE-9B1C-31D9684D237B}"
EndProject
Project("{8BC9CEB8-8B4A-11D0-8D11-00A0C91BC942}") = "MCountryFilter", "..\MCountryFilter\MCountryFilter.vcxproj", "{43FAAF56-EA88-4D3F-95B7-14A0582F3290}"
EndProject
Project("{8BC9CEB8-8B4A-11D0-8D11-00A0C91BC942}") = "RealSpace2", "..\RealSpace2\RealSpace2.vcxproj", "{68FD6FF4-464A-4484-B397-0DFCC060B773}"
EndProject
Global
	GlobalSection(SolutionConfigurationPlatforms) = preSolution
		Debug_tracememory|x64 = Debug_tracememory|x64
		Debug_tracememory|x86 = Debug_tracememory|x86
		Debug|x64 = Debug|x64
		Debug|x86 = Debug|x86
		MatchServer|x64 = MatchServer|x64
		MatchServer|x86 = MatchServer|x86
		Release LTCG|x64 = Release LTCG|x64
		Release LTCG|x86 = Release LTCG|x86
		Release_publish|x64 = Release_publish|x64
		Release_publish|x86 = Release_publish|x86
		Release_tracememory|x64 = Release_tracememory|x64
		Release_tracememory|x86 = Release_tracememory|x86
		Release|x64 = Release|x64
		Release|x86 = Release|x86
	EndGlobalSection
	GlobalSection(ProjectConfigurationPlatforms) = postSolution
		{52E0F2E1-25FE-4F22-B82C-B000972D8F5A}.Debug_tracememory|x64.ActiveCfg = Debug|Win32
		{52E0F2E1-25FE-4F22-B82C-B000972D8F5A}.Debug_tracememory|x64.Build.0 = Debug|Win32
		{52E0F2E1-25FE-4F22-B82C-B000972D8F5A}.Debug_tracememory|x86.ActiveCfg = Debug|Win32
		{52E0F2E1-25FE-4F22-B82C-B000972D8F5A}.Debug_tracememory|x86.Build.0 = Debug|Win32
		{52E0F2E1-25FE-4F22-B82C-B000972D8F5A}.Debug|x64.ActiveCfg = Debug|Win32
		{52E0F2E1-25FE-4F22-B82C-B000972D8F5A}.Debug|x64.Build.0 = Debug|Win32
		{52E0F2E1-25FE-4F22-B82C-B000972D8F5A}.Debug|x86.ActiveCfg = Debug|Win32
		{52E0F2E1-25FE-4F22-B82C-B000972D8F5A}.Debug|x86.Build.0 = Debug|Win32
		{52E0F2E1-25FE-4F22-B82C-B000972D8F5A}.MatchServer|x64.ActiveCfg = Release|Win32
		{52E0F2E1-25FE-4F22-B82C-B000972D8F5A}.MatchServer|x64.Build.0 = Release|Win32
		{52E0F2E1-25FE-4F22-B82C-B000972D8F5A}.MatchServer|x86.ActiveCfg = Release|Win32
		{52E0F2E1-25FE-4F22-B82C-B000972D8F5A}.MatchServer|x86.Build.0 = Release|Win32
		{52E0F2E1-25FE-4F22-B82C-B000972D8F5A}.Release LTCG|x64.ActiveCfg = Release|Win32
		{52E0F2E1-25FE-4F22-B82C-B000972D8F5A}.Release LTCG|x64.Build.0 = Release|Win32
		{52E0F2E1-25FE-4F22-B82C-B000972D8F5A}.Release LTCG|x86.ActiveCfg = Release|Win32
		{52E0F2E1-25FE-4F22-B82C-B000972D8F5A}.Release LTCG|x86.Build.0 = Release|Win32
		{52E0F2E1-25FE-4F22-B82C-B000972D8F5A}.Release_publish|x64.ActiveCfg = Release|Win32
		{52E0F2E1-25FE-4F22-B82C-B000972D8F5A}.Release_publish|x64.Build.0 = Release|Win32
		{52E0F2E1-25FE-4F22-B82C-B000972D8F5A}.Release_publish|x86.ActiveCfg = Release|Win32
		{52E0F2E1-25FE-4F22-B82C-B000972D8F5A}.Release_publish|x86.Build.0 = Release|Win32
		{52E0F2E1-25FE-4F22-B82C-B000972D8F5A}.Release_tracememory|x64.ActiveCfg = Release|Win32
		{52E0F2E1-25FE-4F22-B82C-B000972D8F5A}.Release_tracememory|x64.Build.0 = Release|Win32
		{52E0F2E1-25FE-4F22-B82C-B000972D8F5A}.Release_tracememory|x86.ActiveCfg = Release|Win32
		{52E0F2E1-25FE-4F22-B82C-B000972D8F5A}.Release_tracememory|x86.Build.0 = Release|Win32
		{52E0F2E1-25FE-4F22-B82C-B000972D8F5A}.Release|x64.ActiveCfg = Release|Win32
		{52E0F2E1-25FE-4F22-B82C-B000972D8F5A}.Release|x64.Build.0 = Release|Win32
		{52E0F2E1-25FE-4F22-B82C-B000972D8F5A}.Release|x86.ActiveCfg = Release|Win32
		{52E0F2E1-25FE-4F22-B82C-B000972D8F5A}.Release|x86.Build.0 = Release|Win32
		{8D451493-65C2-49C3-ADAE-ACB17E6B0650}.Debug_tracememory|x64.ActiveCfg = Debug_tracememory|Win32
		{8D451493-65C2-49C3-ADAE-ACB17E6B0650}.Debug_tracememory|x64.Build.0 = Debug_tracememory|Win32
		{8D451493-65C2-49C3-ADAE-ACB17E6B0650}.Debug_tracememory|x86.ActiveCfg = Debug|Win32
		{8D451493-65C2-49C3-ADAE-ACB17E6B0650}.Debug_tracememory|x86.Build.0 = Debug|Win32
		{8D451493-65C2-49C3-ADAE-ACB17E6B0650}.Debug|x64.ActiveCfg = Debug|x64
		{8D451493-65C2-49C3-ADAE-ACB17E6B0650}.Debug|x64.Build.0 = Debug|x64
		{8D451493-65C2-49C3-ADAE-ACB17E6B0650}.Debug|x86.ActiveCfg = Debug|Win32
		{8D451493-65C2-49C3-ADAE-ACB17E6B0650}.Debug|x86.Build.0 = Debug|Win32
		{8D451493-65C2-49C3-ADAE-ACB17E6B0650}.MatchServer|x64.ActiveCfg = MatchServer|x64
		{8D451493-65C2-49C3-ADAE-ACB17E6B0650}.MatchServer|x64.Build.0 = MatchServer|x64
		{8D451493-65C2-49C3-ADAE-ACB17E6B0650}.MatchServer|x86.ActiveCfg = MatchServer|Win32
		{8D451493-65C2-49C3-ADAE-ACB17E6B0650}.MatchServer|x86.Build.0 = MatchServer|Win32
		{8D451493-65C2-49C3-ADAE-ACB17E6B0650}.Release LTCG|x64.ActiveCfg = Release LTCG|x64
		{8D451493-65C2-49C3-ADAE-ACB17E6B0650}.Release LTCG|x64.Build.0 = Release LTCG|x64
		{8D451493-65C2-49C3-ADAE-ACB17E6B0650}.Release LTCG|x86.ActiveCfg = Release LTCG|Win32
		{8D451493-65C2-49C3-ADAE-ACB17E6B0650}.Release LTCG|x86.Build.0 = Release LTCG|Win32
		{8D451493-65C2-49C3-ADAE-ACB17E6B0650}.Release_publish|x64.ActiveCfg = Release_publish|Win32
		{8D451493-65C2-49C3-ADAE-ACB17E6B0650}.Release_publish|x64.Build.0 = Release_publish|Win32
		{8D451493-65C2-49C3-ADAE-ACB17E6B0650}.Release_publish|x86.ActiveCfg = Release_publish|Win32
		{8D451493-65C2-49C3-ADAE-ACB17E6B0650}.Release_publish|x86.Build.0 = Release_publish|Win32
		{8D451493-65C2-49C3-ADAE-ACB17E6B0650}.Release_tracememory|x64.ActiveCfg = Release_tracememory|Win32
		{8D451493-65C2-49C3-ADAE-ACB17E6B0650}.Release_tracememory|x64.Build.0 = Release_tracememory|Win32
		{8D451493-65C2-49C3-ADAE-ACB17E6B0650}.Release_tracememory|x86.ActiveCfg = Release_tracememory|Win32
		{8D451493-65C2-49C3-ADAE-ACB17E6B0650}.Release_tracememory|x86.Build.0 = Release_tracememory|Win32
		{8D451493-65C2-49C3-ADAE-ACB17E6B0650}.Release|x64.ActiveCfg = Release|x64
		{8D451493-65C2-49C3-ADAE-ACB17E6B0650}.Release|x64.Build.0 = Release|x64
		{8D451493-65C2-49C3-ADAE-ACB17E6B0650}.Release|x86.ActiveCfg = Release|Win32
		{8D451493-65C2-49C3-ADAE-ACB17E6B0650}.Release|x86.Build.0 = Release|Win32
		{CBD109C1-1AA3-4A57-B439-9919C08FAAA5}.Debug_tracememory|x64.ActiveCfg = Debug|x64
		{CBD109C1-1AA3-4A57-B439-9919C08FAAA5}.Debug_tracememory|x64.Build.0 = Debug|x64
		{CBD109C1-1AA3-4A57-B439-9919C08FAAA5}.Debug_tracememory|x86.ActiveCfg = Debug|Win32
		{CBD109C1-1AA3-4A57-B439-9919C08FAAA5}.Debug_tracememory|x86.Build.0 = Debug|Win32
		{CBD109C1-1AA3-4A57-B439-9919C08FAAA5}.Debug|x64.ActiveCfg = Debug|x64
		{CBD109C1-1AA3-4A57-B439-9919C08FAAA5}.Debug|x64.Build.0 = Debug|x64
		{CBD109C1-1AA3-4A57-B439-9919C08FAAA5}.Debug|x86.ActiveCfg = Debug|Win32
		{CBD109C1-1AA3-4A57-B439-9919C08FAAA5}.Debug|x86.Build.0 = Debug|Win32
		{CBD109C1-1AA3-4A57-B439-9919C08FAAA5}.MatchServer|x64.ActiveCfg = Release|x64
		{CBD109C1-1AA3-4A57-B439-9919C08FAAA5}.MatchServer|x64.Build.0 = Release|x64
		{CBD109C1-1AA3-4A57-B439-9919C08FAAA5}.MatchServer|x86.ActiveCfg = Release|Win32
		{CBD109C1-1AA3-4A57-B439-9919C08FAAA5}.MatchServer|x86.Build.0 = Release|Win32
		{CBD109C1-1AA3-4A57-B439-9919C08FAAA5}.Release LTCG|x64.ActiveCfg = Release LTCG|x64
		{CBD109C1-1AA3-4A57-B439-9919C08FAAA5}.Release LTCG|x64.Build.0 = Release LTCG|x64
		{CBD109C1-1AA3-4A57-B439-9919C08FAAA5}.Release LTCG|x86.ActiveCfg = Release LTCG|Win32
		{CBD109C1-1AA3-4A57-B439-9919C08FAAA5}.Release LTCG|x86.Build.0 = Release LTCG|Win32
		{CBD109C1-1AA3-4A57-B439-9919C08FAAA5}.Release_publish|x64.ActiveCfg = Release|x64
		{CBD109C1-1AA3-4A57-B439-9919C08FAAA5}.Release_publish|x64.Build.0 = Release|x64
		{CBD109C1-1AA3-4A57-B439-9919C08FAAA5}.Release_publish|x86.ActiveCfg = Release|Win32
		{CBD109C1-1AA3-4A57-B439-9919C08FAAA5}.Release_publish|x86.Build.0 = Release|Win32
		{CBD109C1-1AA3-4A57-B439-9919C08FAAA5}.Release_tracememory|x64.ActiveCfg = Release|x64
		{CBD109C1-1AA3-4A57-B439-9919C08FAAA5}.Release_tracememory|x64.Build.0 = Release|x64
		{CBD109C1-1AA3-4A57-B439-9919C08FAAA5}.Release_tracememory|x86.ActiveCfg = Release|Win32
		{CBD109C1-1AA3-4A57-B439-9919C08FAAA5}.Release_tracememory|x86.Build.0 = Release|Win32
		{CBD109C1-1AA3-4A57-B439-9919C08FAAA5}.Release|x64.ActiveCfg = Release|x64
		{CBD109C1-1AA3-4A57-B439-9919C08FAAA5}.Release|x64.Build.0 = Release|x64
		{CBD109C1-1AA3-4A57-B439-9919C08FAAA5}.Release|x86.ActiveCfg = Release|Win32
		{CBD109C1-1AA3-4A57-B439-9919C08FAAA5}.Release|x86.Build.0 = Release|Win32
		{6C8069BD-5E8C-41EC-8BD9-2F819291BA67}.Debug_tracememory|x64.ActiveCfg = Debug|x64
		{6C8069BD-5E8C-41EC-8BD9-2F819291BA67}.Debug_tracememory|x64.Build.0 = Debug|x64
		{6C8069BD-5E8C-41EC-8BD9-2F819291BA67}.Debug_tracememory|x86.ActiveCfg = Debug|Win32
		{6C8069BD-5E8C-41EC-8BD9-2F819291BA67}.Debug_tracememory|x86.Build.0 = Debug|Win32
		{6C8069BD-5E8C-41EC-8BD9-2F819291BA67}.Debug|x64.ActiveCfg = Debug|x64
		{6C8069BD-5E8C-41EC-8BD9-2F819291BA67}.Debug|x64.Build.0 = Debug|x64
		{6C8069BD-5E8C-41EC-8BD9-2F819291BA67}.Debug|x86.ActiveCfg = Debug|Win32
		{6C8069BD-5E8C-41EC-8BD9-2F819291BA67}.Debug|x86.Build.0 = Debug|Win32
		{6C8069BD-5E8C-41EC-8BD9-2F819291BA67}.MatchServer|x64.ActiveCfg = Release|x64
		{6C8069BD-5E8C-41EC-8BD9-2F819291BA67}.MatchServer|x64.Build.0 = Release|x64
		{6C8069BD-5E8C-41EC-8BD9-2F819291BA67}.MatchServer|x86.ActiveCfg = Release|Win32
		{6C8069BD-5E8C-41EC-8BD9-2F819291BA67}.MatchServer|x86.Build.0 = Release|Win32
		{6C8069BD-5E8C-41EC-8BD9-2F819291BA67}.Release LTCG|x64.ActiveCfg = Release|x64
		{6C8069BD-5E8C-41EC-8BD9-2F819291BA67}.Release LTCG|x64.Build.0 = Release|x64
		{6C8069BD-5E8C-41EC-8BD9-2F819291BA67}.Release LTCG|x86.ActiveCfg = Release|Win32
		{6C8069BD-5E8C-41EC-8BD9-2F819291BA67}.Release LTCG|x86.Build.0 = Release|Win32
		{6C8069BD-5E8C-41EC-8BD9-2F819291BA67}.Release_publish|x64.ActiveCfg = Release|x64
		{6C8069BD-5E8C-41EC-8BD9-2F819291BA67}.Release_publish|x64.Build.0 = Release|x64
		{6C8069BD-5E8C-41EC-8BD9-2F819291BA67}.Release_publish|x86.ActiveCfg = Release|Win32
		{6C8069BD-5E8C-41EC-8BD9-2F819291BA67}.Release_publish|x86.Build.0 = Release|Win32
		{6C8069BD-5E8C-41EC-8BD9-2F819291BA67}.Release_tracememory|x64.ActiveCfg = Release|x64
		{6C8069BD-5E8C-41EC-8BD9-2F819291BA67}.Release_tracememory|x64.Build.0 = Release|x64
		{6C8069BD-5E8C-41EC-8BD9-2F819291BA67}.Release_tracememory|x86.ActiveCfg = Release|Win32
		{6C8069BD-5E8C-41EC-8BD9-2F819291BA67}.Release_tracememory|x86.Build.0 = Release|Win32
		{6C8069BD-5E8C-41EC-8BD9-2F819291BA67}.Release|x64.ActiveCfg = Release|x64
		{6C8069BD-5E8C-41EC-8BD9-2F819291BA67}.Release|x64.Build.0 = Release|x64
		{6C8069BD-5E8C-41EC-8BD9-2F819291BA67}.Release|x86.ActiveCfg = Release|Win32
		{6C8069BD-5E8C-41EC-8BD9-2F819291BA67}.Release|x86.Build.0 = Release|Win32
		{98475FA7-BEA2-42EE-9B1C-31D9684D237B}.Debug_tracememory|x64.ActiveCfg = Debug|x64
		{98475FA7-BEA2-42EE-9B1C-31D9684D237B}.Debug_tracememory|x64.Build.0 = Debug|x64
		{98475FA7-BEA2-42EE-9B1C-31D9684D237B}.Debug_tracememory|x86.ActiveCfg = Debug|Win32
		{98475FA7-BEA2-42EE-9B1C-31D9684D237B}.Debug_tracememory|x86.Build.0 = Debug|Win32
		{98475FA7-BEA2-42EE-9B1C-31D9684D237B}.Debug|x64.ActiveCfg = Debug|x64
		{98475FA7-BEA2-42EE-9B1C-31D9684D237B}.Debug|x64.Build.0 = Debug|x64
		{98475FA7-BEA2-42EE-9B1C-31D9684D237B}.Debug|x86.ActiveCfg = Debug|Win32
		{98475FA7-BEA2-42EE-9B1C-31D9684D237B}.Debug|x86.Build.0 = Debug|Win32
		{98475FA7-BEA2-42EE-9B1C-31D9684D237B}.MatchServer|x64.ActiveCfg = Release|x64
		{98475FA7-BEA2-42EE-9B1C-31D9684D237B}.MatchServer|x64.Build.0 = Release|x64
		{98475FA7-BEA2-42EE-9B1C-31D9684D237B}.MatchServer|x86.ActiveCfg = Release|Win32
		{98475FA7-BEA2-42EE-9B1C-31D9684D237B}.MatchServer|x86.Build.0 = Release|Win32
		{98475FA7-BEA2-42EE-9B1C-31D9684D237B}.Release LTCG|x64.ActiveCfg = Release|x64
		{98475FA7-BEA2-42EE-9B1C-31D9684D237B}.Release LTCG|x64.Build.0 = Release|x64
		{98475FA7-BEA2-42EE-9B1C-31D9684D237B}.Release LTCG|x86.ActiveCfg = Release|Win32
		{98475FA7-BEA2-42EE-9B1C-31D9684D237B}.Release LTCG|x86.Build.0 = Release|Win32
		{98475FA7-BEA2-42EE-9B1C-31D9684D237B}.Release_publish|x64.ActiveCfg = Release|x64
		{98475FA7-BEA2-42EE-9B1C-31D9684D237B}.Release_publish|x64.Build.0 = Release|x64
		{98475FA7-BEA2-42EE-9B1C-31D9684D237B}.Release_publish|x86.ActiveCfg = Release|Win32
		{98475FA7-BEA2-42EE-9B1C-31D9684D237B}.Release_publish|x86.Build.0 = Release|Win32
		{98475FA7-BEA2-42EE-9B1C-31D9684D237B}.Release_tracememory|x64.ActiveCfg = Release|x64
		{98475FA7-BEA2-42EE-9B1C-31D9684D237B}.Release_tracememory|x64.Build.0 = Release|x64
		{98475FA7-BEA2-42EE-9B1C-31D9684D237B}.Release_tracememory|x86.ActiveCfg = Release|Win32
		{98475FA7-BEA2-42EE-9B1C-31D9684D237B}.Release_tracememory|x86.Build.0 = Release|Win32
		{98475FA7-BEA2-42EE-9B1C-31D9684D237B}.Release|x64.ActiveCfg = Release|x64
		{98475FA7-BEA2-42EE-9B1C-31D9684D237B}.Release|x64.Build.0 = Release|x64
		{98475FA7-BEA2-42EE-9B1C-31D9684D237B}.Release|x86.ActiveCfg = Release|Win32
		{98475FA7-BEA2-42EE-9B1C-31D9684D237B}.Release|x86.Build.0 = Release|Win32
		{43FAAF56-EA88-4D3F-95B7-14A0582F3290}.Debug_tracememory|x64.ActiveCfg = Debug|x64
		{43FAAF56-EA88-4D3F-95B7-14A0582F3290}.Debug_tracememory|x64.Build.0 = Debug|x64
		{43FAAF56-EA88-4D3F-95B7-14A0582F3290}.Debug_tracememory|x86.ActiveCfg = Debug|Win32
		{43FAAF56-EA88-4D3F-95B7-14A0582F3290}.Debug_tracememory|x86.Build.0 = Debug|Win32
		{43FAAF56-EA88-4D3F-95B7-14A0582F3290}.Debug|x64.ActiveCfg = Debug|x64
		{43FAAF56-EA88-4D3F-95B7-14A0582F3290}.Debug|x64.Build.0 = Debug|x64
		{43FAAF56-EA88-4D3F-95B7-14A0582F3290}.Debug|x86.ActiveCfg = Debug|Win32
		{43FAAF56-EA88-4D3F-95B7-14A0582F3290}.Debug|x86.Build.0 = Debug|Win32
		{43FAAF56-EA88-4D3F-95B7-14A0582F3290}.MatchServer|x64.ActiveCfg = Release|x64
		{43FAAF56-EA88-4D3F-95B7-14A0582F3290}.MatchServer|x64.Build.0 = Release|x64
		{43FAAF56-EA88-4D3F-95B7-14A0582F3290}.MatchServer|x86.ActiveCfg = Release|Win32
		{43FAAF56-EA88-4D3F-95B7-14A0582F3290}.MatchServer|x86.Build.0 = Release|Win32
		{43FAAF56-EA88-4D3F-95B7-14A0582F3290}.Release LTCG|x64.ActiveCfg = Release|x64
		{43FAAF56-EA88-4D3F-95B7-14A0582F3290}.Release LTCG|x64.Build.0 = Release|x64
		{43FAAF56-EA88-4D3F-95B7-14A0582F3290}.Release LTCG|x86.ActiveCfg = Release|Win32
		{43FAAF56-EA88-4D3F-95B7-14A0582F3290}.Release LTCG|x86.Build.0 = Release|Win32
		{43FAAF56-EA88-4D3F-95B7-14A0582F3290}.Release_publish|x64.ActiveCfg = Release|x64
		{43FAAF56-EA88-4D3F-95B7-14A0582F3290}.Release_publish|x64.Build.0 = Release|x64
		{43FAAF56-EA88-4D3F-95B7-14A0582F3290}.Release_publish|x86.ActiveCfg = Release|Win32
		{43FAAF56-EA88-4D3F-95B7-14A0582F3290}.Release_publish|x86.Build.0 = Release|Win32
		{43FAAF56-EA88-4D3F-95B7-14A0582F3290}.Release_tracememory|x64.ActiveCfg = Release|x64
		{43FAAF56-EA88-4D3F-95B7-14A0582F3290}.Release_tracememory|x64.Build.0 = Release|x64
		{43FAAF56-EA88-4D3F-95B7-14A0582F3290}.Release_tracememory|x86.ActiveCfg = Release|Win32
		{43FAAF56-EA88-4D3F-95B7-14A0582F3290}.Release_tracememory|x86.Build.0 = Release|Win32
		{43FAAF56-EA88-4D3F-95B7-14A0582F3290}.Release|x64.ActiveCfg = Release|x64
		{43FAAF56-EA88-4D3F-95B7-14A0582F3290}.Release|x64.Build.0 = Release|x64
		{43FAAF56-EA88-4D3F-95B7-14A0582F3290}.Release|x86.ActiveCfg = Release|Win32
		{43FAAF56-EA88-4D3F-95B7-14A0582F3290}.Release|x86.Build.0 = Release|Win32
		{68FD6FF4-464A-4484-B397-0DFCC060B773}.Debug_tracememory|x64.ActiveCfg = Debug|x64
		{68FD6FF4-464A-4484-B397-0DFCC060B773}.Debug_tracememory|x64.Build.0 = Debug|x64
		{68FD6FF4-464A-4484-B397-0DFCC060B773}.Debug_tracememory|x86.ActiveCfg = Debug|Win32
		{68FD6FF4-464A-4484-B397-0DFCC060B773}.Debug_tracememory|x86.Build.0 = Debug|Win32
		{68FD6FF4-464A-4484-B397-0DFCC060B773}.Debug|x64.ActiveCfg = Debug|x64
		{68FD6FF4-464A-4484-B397-0DFCC060B773}.Debug|x64.Build.0 = Debug|x64
		{68FD6FF4-464A-4484-B397-0DFCC060B773}.Debug|x86.ActiveCfg = Debug|Win32
		{68FD6FF4-464A-4484-B397-0DFCC060B773}.Debug|x86.Build.0 = Debug|Win32
		{68FD6FF4-464A-4484-B397-0DFCC060B773}.MatchServer|x64.ActiveCfg = Release|x64
		{68FD6FF4-464A-4484-B397-0DFCC060B773}.MatchServer|x64.Build.0 = Release|x64
		{68FD6FF4-464A-4484-B397-0DFCC060B773}.MatchServer|x86.ActiveCfg = Release|Win32
		{68FD6FF4-464A-4484-B397-0DFCC060B773}.MatchServer|x86.Build.0 = Release|Win32
		{68FD6FF4-464A-4484-B397-0DFCC060B773}.Release LTCG|x64.ActiveCfg = Release LTCG|x64
		{68FD6FF4-464A-4484-B397-0DFCC060B773}.Release LTCG|x64.Build.0 = Release LTCG|x64
		{68FD6FF4-464A-4484-B397-0DFCC060B773}.Release LTCG|x86.ActiveCfg = Release LTCG|Win32
		{68FD6FF4-464A-4484-B397-0DFCC060B773}.Release LTCG|x86.Build.0 = Release LTCG|Win32
		{68FD6FF4-464A-4484-B397-0DFCC060B773}.Release_publish|x64.ActiveCfg = Release|x64
		{68FD6FF4-464A-4484-B397-0DFCC060B773}.Release_publish|x64.Build.0 = Release|x64
		{68FD6FF4-464A-4484-B397-0DFCC060B773}.Release_publish|x86.ActiveCfg = Release|Win32
		{68FD6FF4-464A-4484-B397-0DFCC060B773}.Release_publish|x86.Build.0 = Release|Win32
		{68FD6FF4-464A-4484-B397-0DFCC060B773}.Release_tracememory|x64.ActiveCfg = Release|x64
		{68FD6FF4-464A-4484-B397-0DFCC060B773}.Release_tracememory|x64.Build.0 = Release|x64
		{68FD6FF4-464A-4484-B397-0DFCC060B773}.Release_tracememory|x86.ActiveCfg = Release|Win32
		{68FD6FF4-464A-4484-B397-0DFCC060B773}.Release_tracememory|x86.Build.0 = Release|Win32
		{68FD6FF4-464A-4484-B397-0DFCC060B773}.Release|x64.ActiveCfg = Release|x64
		{68FD6FF4-464A-4484-B397-0DFCC060B773}.Release|x64.Build.0 = Release|x64
		{68FD6FF4-464A-4484-B397-0DFCC060B773}.Release|x86.ActiveCfg = Release|Win32
		{68FD6FF4-464A-4484-B397-0DFCC060B773}.Release|x86.Build.0 = Release|Win32
	EndGlobalSection
	GlobalSection(SolutionProperties) = preSolution
		HideSolutionNode = FALSE
	EndGlobalSection
EndGlobal
