<?xml version="1.0" encoding="utf-8"?>
<Project ToolsVersion="4.0" xmlns="http://schemas.microsoft.com/developer/msbuild/2003">
  <ItemGroup>
    <Filter Include="소스 파일">
      <UniqueIdentifier>{4FC737F1-C7A5-4376-A066-2A32D752A2FF}</UniqueIdentifier>
      <Extensions>cpp;c;cxx;def;odl;idl;hpj;bat;asm;asmx</Extensions>
    </Filter>
    <Filter Include="헤더 파일">
      <UniqueIdentifier>{93995380-89BD-4b04-88EB-625FBE52EBFB}</UniqueIdentifier>
      <Extensions>h;hpp;hxx;hm;inl;inc;xsd</Extensions>
    </Filter>
    <Filter Include="리소스 파일">
      <UniqueIdentifier>{67DA6AB6-F800-4c08-8B7A-83BB121AAD01}</UniqueIdentifier>
      <Extensions>rc;ico;cur;bmp;dlg;rc2;rct;bin;rgs;gif;jpg;jpeg;jpe;resx</Extensions>
    </Filter>
    <Filter Include="Logic">
      <UniqueIdentifier>{b6bf7d00-6339-4a26-a57d-5ed2f8d493da}</UniqueIdentifier>
    </Filter>
  </ItemGroup>
  <ItemGroup>
    <ClCompile Include="ExceptionAttacher.cpp">
      <Filter>소스 파일</Filter>
    </ClCompile>
    <ClCompile Include="Locator.cpp">
      <Filter>소스 파일</Filter>
    </ClCompile>
    <ClCompile Include="LocatorDoc.cpp">
      <Filter>소스 파일</Filter>
    </ClCompile>
    <ClCompile Include="LocatorView.cpp">
      <Filter>소스 파일</Filter>
    </ClCompile>
    <ClCompile Include="MainFrm.cpp">
      <Filter>소스 파일</Filter>
    </ClCompile>
    <ClCompile Include="stdafx.cpp">
      <Filter>소스 파일</Filter>
    </ClCompile>
    <ClCompile Include="MLocator.cpp">
      <Filter>Logic</Filter>
    </ClCompile>
    <ClCompile Include="MLocatorConfig.cpp">
      <Filter>Logic</Filter>
    </ClCompile>
    <ClCompile Include="MLocatorDBMgr.cpp">
      <Filter>Logic</Filter>
    </ClCompile>
    <ClCompile Include="MLocatorStatistics.cpp">
      <Filter>Logic</Filter>
    </ClCompile>
    <ClCompile Include="MLocatorUDP.cpp">
      <Filter>Logic</Filter>
    </ClCompile>
    <ClCompile Include="MLocatorView.cpp">
      <Filter>Logic</Filter>
    </ClCompile>
    <ClCompile Include="MLogManager.cpp">
      <Filter>Logic</Filter>
    </ClCompile>
    <ClCompile Include="MServerStatus.cpp">
      <Filter>Logic</Filter>
    </ClCompile>
  </ItemGroup>
  <ItemGroup>
    <ClInclude Include="Locator.h">
      <Filter>헤더 파일</Filter>
    </ClInclude>
    <ClInclude Include="LocatorDoc.h">
      <Filter>헤더 파일</Filter>
    </ClInclude>
    <ClInclude Include="LocatorView.h">
      <Filter>헤더 파일</Filter>
    </ClInclude>
    <ClInclude Include="MainFrm.h">
      <Filter>헤더 파일</Filter>
    </ClInclude>
    <ClInclude Include="Resource.h">
      <Filter>헤더 파일</Filter>
    </ClInclude>
    <ClInclude Include="stdafx.h">
      <Filter>헤더 파일</Filter>
    </ClInclude>
    <ClInclude Include="CustomDefine.h">
      <Filter>Logic</Filter>
    </ClInclude>
    <ClInclude Include="MLocator.h">
      <Filter>Logic</Filter>
    </ClInclude>
    <ClInclude Include="MLocatorConfig.h">
      <Filter>Logic</Filter>
    </ClInclude>
    <ClInclude Include="MLocatorDBMgr.h">
      <Filter>Logic</Filter>
    </ClInclude>
    <ClInclude Include="MLocatorStatistics.h">
      <Filter>Logic</Filter>
    </ClInclude>
    <ClInclude Include="MLocatorUDP.h">
      <Filter>Logic</Filter>
    </ClInclude>
    <ClInclude Include="MLocatorView.h">
      <Filter>Logic</Filter>
    </ClInclude>
    <ClInclude Include="MLogManager.h">
      <Filter>Logic</Filter>
    </ClInclude>
    <ClInclude Include="MServerStatus.h">
      <Filter>Logic</Filter>
    </ClInclude>
  </ItemGroup>
  <ItemGroup>
    <Image Include="res\Locator.ico">
      <Filter>리소스 파일</Filter>
    </Image>
    <Image Include="res\LocatorDoc.ico">
      <Filter>리소스 파일</Filter>
    </Image>
    <Image Include="res\Toolbar.bmp">
      <Filter>리소스 파일</Filter>
    </Image>
    <Image Include="res\toolbar1.bmp">
      <Filter>리소스 파일</Filter>
    </Image>
  </ItemGroup>
  <ItemGroup>
    <ResourceCompile Include="Locator.rc">
      <Filter>리소스 파일</Filter>
    </ResourceCompile>
  </ItemGroup>
  <ItemGroup>
    <None Include="res\Locator.rc2">
      <Filter>리소스 파일</Filter>
    </None>
  </ItemGroup>
  <ItemGroup>
    <Manifest Include="res\Locator.manifest" />
  </ItemGroup>
  <ItemGroup>
    <Text Include="ReadMe.txt" />
  </ItemGroup>
</Project>