<?xml version="1.0" encoding="utf-8"?>
<Project ToolsVersion="4.0" xmlns="http://schemas.microsoft.com/developer/msbuild/2003">
  <ItemGroup>
    <Filter Include="MFCFrameWork">
      <UniqueIdentifier>{d60bf257-a9d5-482f-b26b-a5cf82d55c3b}</UniqueIdentifier>
    </Filter>
    <Filter Include="Resource Files">
      <UniqueIdentifier>{67DA6AB6-F800-4c08-8B7A-83BB121AAD01}</UniqueIdentifier>
      <Extensions>rc;ico;cur;bmp;dlg;rc2;rct;bin;rgs;gif;jpg;jpeg;jpe;resx</Extensions>
    </Filter>
    <Filter Include="Server">
      <UniqueIdentifier>{73382792-cd40-4693-bb32-65752fc06cbc}</UniqueIdentifier>
    </Filter>
  </ItemGroup>
  <ItemGroup>
    <ClCompile Include="ChildFrm.cpp">
      <Filter>MFCFrameWork</Filter>
    </ClCompile>
    <ClCompile Include="CommandLogView.cpp">
      <Filter>MFCFrameWork</Filter>
    </ClCompile>
    <ClCompile Include="ExceptionAttacher.cpp">
      <Filter>MFCFrameWork</Filter>
    </ClCompile>
    <ClCompile Include="MainFrm.cpp">
      <Filter>MFCFrameWork</Filter>
    </ClCompile>
    <ClCompile Include="MatchAgent.cpp">
      <Filter>MFCFrameWork</Filter>
    </ClCompile>
    <ClCompile Include="MatchAgentDoc.cpp">
      <Filter>MFCFrameWork</Filter>
    </ClCompile>
    <ClCompile Include="MatchAgentView.cpp">
      <Filter>MFCFrameWork</Filter>
    </ClCompile>
    <ClCompile Include="OutputView.cpp">
      <Filter>MFCFrameWork</Filter>
    </ClCompile>
    <ClCompile Include="stdafx.cpp">
      <Filter>MFCFrameWork</Filter>
    </ClCompile>
    <ClCompile Include="MAgentClient.cpp">
      <Filter>Server</Filter>
    </ClCompile>
    <ClCompile Include="MAgentConfig.cpp">
      <Filter>Server</Filter>
    </ClCompile>
    <ClCompile Include="MBMatchAgent.cpp">
      <Filter>Server</Filter>
    </ClCompile>
    <ClCompile Include="MDebugUtil.cpp">
      <Filter>Server</Filter>
    </ClCompile>
    <ClCompile Include="MMatchAgent.cpp">
      <Filter>Server</Filter>
    </ClCompile>
    <ClCompile Include="MStageAgent.cpp">
      <Filter>Server</Filter>
    </ClCompile>
  </ItemGroup>
  <ItemGroup>
    <ClInclude Include="ChildFrm.h">
      <Filter>MFCFrameWork</Filter>
    </ClInclude>
    <ClInclude Include="CommandLogView.h">
      <Filter>MFCFrameWork</Filter>
    </ClInclude>
    <ClInclude Include="MainFrm.h">
      <Filter>MFCFrameWork</Filter>
    </ClInclude>
    <ClInclude Include="MatchAgent.h">
      <Filter>MFCFrameWork</Filter>
    </ClInclude>
    <ClInclude Include="MatchAgentDoc.h">
      <Filter>MFCFrameWork</Filter>
    </ClInclude>
    <ClInclude Include="MatchAgentView.h">
      <Filter>MFCFrameWork</Filter>
    </ClInclude>
    <ClInclude Include="OutputView.h">
      <Filter>MFCFrameWork</Filter>
    </ClInclude>
    <ClInclude Include="Resource.h">
      <Filter>MFCFrameWork</Filter>
    </ClInclude>
    <ClInclude Include="stdafx.h">
      <Filter>MFCFrameWork</Filter>
    </ClInclude>
    <ClInclude Include="MAgentClient.h">
      <Filter>Server</Filter>
    </ClInclude>
    <ClInclude Include="MAgentConfig.h">
      <Filter>Server</Filter>
    </ClInclude>
    <ClInclude Include="MBMatchAgent.h">
      <Filter>Server</Filter>
    </ClInclude>
    <ClInclude Include="MDebugUtil.h">
      <Filter>Server</Filter>
    </ClInclude>
    <ClInclude Include="MMatchAgent.h">
      <Filter>Server</Filter>
    </ClInclude>
    <ClInclude Include="MStageAgent.h">
      <Filter>Server</Filter>
    </ClInclude>
  </ItemGroup>
  <ItemGroup>
    <Image Include="res\MatchAgent.ico">
      <Filter>Resource Files</Filter>
    </Image>
    <Image Include="res\MatchAgentDoc.ico">
      <Filter>Resource Files</Filter>
    </Image>
    <Image Include="res\Toolbar.bmp">
      <Filter>Resource Files</Filter>
    </Image>
  </ItemGroup>
  <ItemGroup>
    <ResourceCompile Include="MatchAgent.rc">
      <Filter>Resource Files</Filter>
    </ResourceCompile>
  </ItemGroup>
  <ItemGroup>
    <None Include="res\MatchAgent.rc2">
      <Filter>Resource Files</Filter>
    </None>
  </ItemGroup>
  <ItemGroup>
    <Manifest Include="res\MatchAgent.manifest" />
  </ItemGroup>
  <ItemGroup>
    <Text Include="ReadMe.txt" />
  </ItemGroup>
</Project>