Microsoft Visual Studio Solution File, Format Version 8.00
Project("{8BC9CEB8-8B4A-11D0-8D11-00A0C91BC942}") = "crcgen", "crcgen.vcproj", "{CB325177-8890-4FFE-935D-CC5A6599B79F}"
	ProjectSection(ProjectDependencies) = postProject
	EndProjectSection
EndProject
Global
	GlobalSection(SolutionConfiguration) = preSolution
		Debug = Debug
		Release = Release
	EndGlobalSection
	GlobalSection(ProjectConfiguration) = postSolution
		{CB325177-8890-4FFE-935D-CC5A6599B79F}.Debug.ActiveCfg = Debug|Win32
		{CB325177-8890-4FFE-935D-CC5A6599B79F}.Debug.Build.0 = Debug|Win32
		{CB325177-8890-4FFE-935D-CC5A6599B79F}.Release.ActiveCfg = Release|Win32
		{CB325177-8890-4FFE-935D-CC5A6599B79F}.Release.Build.0 = Release|Win32
	EndGlobalSection
	GlobalSection(ExtensibilityGlobals) = postSolution
	EndGlobalSection
	GlobalSection(ExtensibilityAddIns) = postSolution
	EndGlobalSection
EndGlobal
