Microsoft Visual Studio Solution File, Format Version 12.00
# Visual Studio 14
VisualStudioVersion = 14.0.24720.0
MinimumVisualStudioVersion = 10.0.40219.1
Project("{8BC9CEB8-8B4A-11D0-8D11-00A0C91BC942}") = "WorldEdit", "WorldEdit.vcxproj", "{F8B4D70B-7874-4F66-9A0F-AB98715B9552}"
EndProject
Project("{8BC9CEB8-8B4A-11D0-8D11-00A0C91BC942}") = "RealSpace2", "..\RealSpace2\RealSpace2.vcxproj", "{68FD6FF4-464A-4484-B397-0DFCC060B773}"
EndProject
Project("{8BC9CEB8-8B4A-11D0-8D11-00A0C91BC942}") = "cml", "..\cml\cml.vcxproj", "{8D451493-65C2-49C3-ADAE-ACB17E6B0650}"
EndProject
Global
	GlobalSection(SolutionConfigurationPlatforms) = preSolution
		Clang Release LTCG|x64 = Clang Release LTCG|x64
		Clang Release LTCG|x86 = Clang Release LTCG|x86
		Debug_tracememory|x64 = Debug_tracememory|x64
		Debug_tracememory|x86 = Debug_tracememory|x86
		Debug|x64 = Debug|x64
		Debug|x86 = Debug|x86
		MatchServer Debug|x64 = MatchServer Debug|x64
		MatchServer Debug|x86 = MatchServer Debug|x86
		MatchServer Release|x64 = MatchServer Release|x64
		MatchServer Release|x86 = MatchServer Release|x86
		Release LTCG|x64 = Release LTCG|x64
		Release LTCG|x86 = Release LTCG|x86
		Release_publish|x64 = Release_publish|x64
		Release_publish|x86 = Release_publish|x86
		Release_tracememory|x64 = Release_tracememory|x64
		Release_tracememory|x86 = Release_tracememory|x86
		Release|x64 = Release|x64
		Release|x86 = Release|x86
	EndGlobalSection
	GlobalSection(ProjectConfigurationPlatforms) = postSolution
		{F8B4D70B-7874-4F66-9A0F-AB98715B9552}.Clang Release LTCG|x64.ActiveCfg = Release|Win32
		{F8B4D70B-7874-4F66-9A0F-AB98715B9552}.Clang Release LTCG|x64.Build.0 = Release|Win32
		{F8B4D70B-7874-4F66-9A0F-AB98715B9552}.Clang Release LTCG|x86.ActiveCfg = Release|Win32
		{F8B4D70B-7874-4F66-9A0F-AB98715B9552}.Clang Release LTCG|x86.Build.0 = Release|Win32
		{F8B4D70B-7874-4F66-9A0F-AB98715B9552}.Debug_tracememory|x64.ActiveCfg = Debug|Win32
		{F8B4D70B-7874-4F66-9A0F-AB98715B9552}.Debug_tracememory|x64.Build.0 = Debug|Win32
		{F8B4D70B-7874-4F66-9A0F-AB98715B9552}.Debug_tracememory|x86.ActiveCfg = Debug|Win32
		{F8B4D70B-7874-4F66-9A0F-AB98715B9552}.Debug_tracememory|x86.Build.0 = Debug|Win32
		{F8B4D70B-7874-4F66-9A0F-AB98715B9552}.Debug|x64.ActiveCfg = Debug|Win32
		{F8B4D70B-7874-4F66-9A0F-AB98715B9552}.Debug|x64.Build.0 = Debug|Win32
		{F8B4D70B-7874-4F66-9A0F-AB98715B9552}.Debug|x86.ActiveCfg = Debug|Win32
		{F8B4D70B-7874-4F66-9A0F-AB98715B9552}.Debug|x86.Build.0 = Debug|Win32
		{F8B4D70B-7874-4F66-9A0F-AB98715B9552}.MatchServer Debug|x64.ActiveCfg = Release|Win32
		{F8B4D70B-7874-4F66-9A0F-AB98715B9552}.MatchServer Debug|x64.Build.0 = Release|Win32
		{F8B4D70B-7874-4F66-9A0F-AB98715B9552}.MatchServer Debug|x86.ActiveCfg = Debug|Win32
		{F8B4D70B-7874-4F66-9A0F-AB98715B9552}.MatchServer Debug|x86.Build.0 = Debug|Win32
		{F8B4D70B-7874-4F66-9A0F-AB98715B9552}.MatchServer Release|x64.ActiveCfg = Release|Win32
		{F8B4D70B-7874-4F66-9A0F-AB98715B9552}.MatchServer Release|x64.Build.0 = Release|Win32
		{F8B4D70B-7874-4F66-9A0F-AB98715B9552}.MatchServer Release|x86.ActiveCfg = Release|Win32
		{F8B4D70B-7874-4F66-9A0F-AB98715B9552}.MatchServer Release|x86.Build.0 = Release|Win32
		{F8B4D70B-7874-4F66-9A0F-AB98715B9552}.Release LTCG|x64.ActiveCfg = Release|Win32
		{F8B4D70B-7874-4F66-9A0F-AB98715B9552}.Release LTCG|x64.Build.0 = Release|Win32
		{F8B4D70B-7874-4F66-9A0F-AB98715B9552}.Release LTCG|x86.ActiveCfg = Release|Win32
		{F8B4D70B-7874-4F66-9A0F-AB98715B9552}.Release LTCG|x86.Build.0 = Release|Win32
		{F8B4D70B-7874-4F66-9A0F-AB98715B9552}.Release_publish|x64.ActiveCfg = Release|Win32
		{F8B4D70B-7874-4F66-9A0F-AB98715B9552}.Release_publish|x64.Build.0 = Release|Win32
		{F8B4D70B-7874-4F66-9A0F-AB98715B9552}.Release_publish|x86.ActiveCfg = Release|Win32
		{F8B4D70B-7874-4F66-9A0F-AB98715B9552}.Release_publish|x86.Build.0 = Release|Win32
		{F8B4D70B-7874-4F66-9A0F-AB98715B9552}.Release_tracememory|x64.ActiveCfg = Release|Win32
		{F8B4D70B-7874-4F66-9A0F-AB98715B9552}.Release_tracememory|x64.Build.0 = Release|Win32
		{F8B4D70B-7874-4F66-9A0F-AB98715B9552}.Release_tracememory|x86.ActiveCfg = Release|Win32
		{F8B4D70B-7874-4F66-9A0F-AB98715B9552}.Release_tracememory|x86.Build.0 = Release|Win32
		{F8B4D70B-7874-4F66-9A0F-AB98715B9552}.Release|x64.ActiveCfg = Release|Win32
		{F8B4D70B-7874-4F66-9A0F-AB98715B9552}.Release|x64.Build.0 = Release|Win32
		{F8B4D70B-7874-4F66-9A0F-AB98715B9552}.Release|x86.ActiveCfg = Release|Win32
		{F8B4D70B-7874-4F66-9A0F-AB98715B9552}.Release|x86.Build.0 = Release|Win32
		{68FD6FF4-464A-4484-B397-0DFCC060B773}.Clang Release LTCG|x64.ActiveCfg = Clang Release LTCG|x64
		{68FD6FF4-464A-4484-B397-0DFCC060B773}.Clang Release LTCG|x64.Build.0 = Clang Release LTCG|x64
		{68FD6FF4-464A-4484-B397-0DFCC060B773}.Clang Release LTCG|x86.ActiveCfg = Clang Release LTCG|Win32
		{68FD6FF4-464A-4484-B397-0DFCC060B773}.Clang Release LTCG|x86.Build.0 = Clang Release LTCG|Win32
		{68FD6FF4-464A-4484-B397-0DFCC060B773}.Debug_tracememory|x64.ActiveCfg = Debug|x64
		{68FD6FF4-464A-4484-B397-0DFCC060B773}.Debug_tracememory|x64.Build.0 = Debug|x64
		{68FD6FF4-464A-4484-B397-0DFCC060B773}.Debug_tracememory|x86.ActiveCfg = Debug|Win32
		{68FD6FF4-464A-4484-B397-0DFCC060B773}.Debug_tracememory|x86.Build.0 = Debug|Win32
		{68FD6FF4-464A-4484-B397-0DFCC060B773}.Debug|x64.ActiveCfg = Debug|x64
		{68FD6FF4-464A-4484-B397-0DFCC060B773}.Debug|x64.Build.0 = Debug|x64
		{68FD6FF4-464A-4484-B397-0DFCC060B773}.Debug|x86.ActiveCfg = Debug|Win32
		{68FD6FF4-464A-4484-B397-0DFCC060B773}.Debug|x86.Build.0 = Debug|Win32
		{68FD6FF4-464A-4484-B397-0DFCC060B773}.MatchServer Debug|x64.ActiveCfg = Debug|x64
		{68FD6FF4-464A-4484-B397-0DFCC060B773}.MatchServer Debug|x64.Build.0 = Debug|x64
		{68FD6FF4-464A-4484-B397-0DFCC060B773}.MatchServer Debug|x86.ActiveCfg = Debug|Win32
		{68FD6FF4-464A-4484-B397-0DFCC060B773}.MatchServer Debug|x86.Build.0 = Debug|Win32
		{68FD6FF4-464A-4484-B397-0DFCC060B773}.MatchServer Release|x64.ActiveCfg = Release|x64
		{68FD6FF4-464A-4484-B397-0DFCC060B773}.MatchServer Release|x64.Build.0 = Release|x64
		{68FD6FF4-464A-4484-B397-0DFCC060B773}.MatchServer Release|x86.ActiveCfg = Release|Win32
		{68FD6FF4-464A-4484-B397-0DFCC060B773}.MatchServer Release|x86.Build.0 = Release|Win32
		{68FD6FF4-464A-4484-B397-0DFCC060B773}.Release LTCG|x64.ActiveCfg = Release LTCG|x64
		{68FD6FF4-464A-4484-B397-0DFCC060B773}.Release LTCG|x64.Build.0 = Release LTCG|x64
		{68FD6FF4-464A-4484-B397-0DFCC060B773}.Release LTCG|x86.ActiveCfg = Release LTCG|Win32
		{68FD6FF4-464A-4484-B397-0DFCC060B773}.Release LTCG|x86.Build.0 = Release LTCG|Win32
		{68FD6FF4-464A-4484-B397-0DFCC060B773}.Release_publish|x64.ActiveCfg = Release_publish|Win32
		{68FD6FF4-464A-4484-B397-0DFCC060B773}.Release_publish|x64.Build.0 = Release_publish|Win32
		{68FD6FF4-464A-4484-B397-0DFCC060B773}.Release_publish|x86.ActiveCfg = Release_publish|Win32
		{68FD6FF4-464A-4484-B397-0DFCC060B773}.Release_publish|x86.Build.0 = Release_publish|Win32
		{68FD6FF4-464A-4484-B397-0DFCC060B773}.Release_tracememory|x64.ActiveCfg = Release_publish|Win32
		{68FD6FF4-464A-4484-B397-0DFCC060B773}.Release_tracememory|x64.Build.0 = Release_publish|Win32
		{68FD6FF4-464A-4484-B397-0DFCC060B773}.Release_tracememory|x86.ActiveCfg = Release_publish|Win32
		{68FD6FF4-464A-4484-B397-0DFCC060B773}.Release_tracememory|x86.Build.0 = Release_publish|Win32
		{68FD6FF4-464A-4484-B397-0DFCC060B773}.Release|x64.ActiveCfg = Release|x64
		{68FD6FF4-464A-4484-B397-0DFCC060B773}.Release|x64.Build.0 = Release|x64
		{68FD6FF4-464A-4484-B397-0DFCC060B773}.Release|x86.ActiveCfg = Release|Win32
		{68FD6FF4-464A-4484-B397-0DFCC060B773}.Release|x86.Build.0 = Release|Win32
		{8D451493-65C2-49C3-ADAE-ACB17E6B0650}.Clang Release LTCG|x64.ActiveCfg = Clang Release LTCG|x64
		{8D451493-65C2-49C3-ADAE-ACB17E6B0650}.Clang Release LTCG|x64.Build.0 = Clang Release LTCG|x64
		{8D451493-65C2-49C3-ADAE-ACB17E6B0650}.Clang Release LTCG|x86.ActiveCfg = Clang Release LTCG|Win32
		{8D451493-65C2-49C3-ADAE-ACB17E6B0650}.Clang Release LTCG|x86.Build.0 = Clang Release LTCG|Win32
		{8D451493-65C2-49C3-ADAE-ACB17E6B0650}.Debug_tracememory|x64.ActiveCfg = Debug_tracememory|Win32
		{8D451493-65C2-49C3-ADAE-ACB17E6B0650}.Debug_tracememory|x64.Build.0 = Debug_tracememory|Win32
		{8D451493-65C2-49C3-ADAE-ACB17E6B0650}.Debug_tracememory|x86.ActiveCfg = Debug_tracememory|Win32
		{8D451493-65C2-49C3-ADAE-ACB17E6B0650}.Debug_tracememory|x86.Build.0 = Debug_tracememory|Win32
		{8D451493-65C2-49C3-ADAE-ACB17E6B0650}.Debug|x64.ActiveCfg = Debug|x64
		{8D451493-65C2-49C3-ADAE-ACB17E6B0650}.Debug|x64.Build.0 = Debug|x64
		{8D451493-65C2-49C3-ADAE-ACB17E6B0650}.Debug|x86.ActiveCfg = Debug|Win32
		{8D451493-65C2-49C3-ADAE-ACB17E6B0650}.Debug|x86.Build.0 = Debug|Win32
		{8D451493-65C2-49C3-ADAE-ACB17E6B0650}.MatchServer Debug|x64.ActiveCfg = MatchServer Debug|x64
		{8D451493-65C2-49C3-ADAE-ACB17E6B0650}.MatchServer Debug|x64.Build.0 = MatchServer Debug|x64
		{8D451493-65C2-49C3-ADAE-ACB17E6B0650}.MatchServer Debug|x86.ActiveCfg = MatchServer Debug|Win32
		{8D451493-65C2-49C3-ADAE-ACB17E6B0650}.MatchServer Debug|x86.Build.0 = MatchServer Debug|Win32
		{8D451493-65C2-49C3-ADAE-ACB17E6B0650}.MatchServer Release|x64.ActiveCfg = MatchServer Release|x64
		{8D451493-65C2-49C3-ADAE-ACB17E6B0650}.MatchServer Release|x64.Build.0 = MatchServer Release|x64
		{8D451493-65C2-49C3-ADAE-ACB17E6B0650}.MatchServer Release|x86.ActiveCfg = MatchServer Release|Win32
		{8D451493-65C2-49C3-ADAE-ACB17E6B0650}.MatchServer Release|x86.Build.0 = MatchServer Release|Win32
		{8D451493-65C2-49C3-ADAE-ACB17E6B0650}.Release LTCG|x64.ActiveCfg = Release LTCG|x64
		{8D451493-65C2-49C3-ADAE-ACB17E6B0650}.Release LTCG|x64.Build.0 = Release LTCG|x64
		{8D451493-65C2-49C3-ADAE-ACB17E6B0650}.Release LTCG|x86.ActiveCfg = Release LTCG|Win32
		{8D451493-65C2-49C3-ADAE-ACB17E6B0650}.Release LTCG|x86.Build.0 = Release LTCG|Win32
		{8D451493-65C2-49C3-ADAE-ACB17E6B0650}.Release_publish|x64.ActiveCfg = Release_publish|Win32
		{8D451493-65C2-49C3-ADAE-ACB17E6B0650}.Release_publish|x64.Build.0 = Release_publish|Win32
		{8D451493-65C2-49C3-ADAE-ACB17E6B0650}.Release_publish|x86.ActiveCfg = Release_publish|Win32
		{8D451493-65C2-49C3-ADAE-ACB17E6B0650}.Release_publish|x86.Build.0 = Release_publish|Win32
		{8D451493-65C2-49C3-ADAE-ACB17E6B0650}.Release_tracememory|x64.ActiveCfg = Release_tracememory|Win32
		{8D451493-65C2-49C3-ADAE-ACB17E6B0650}.Release_tracememory|x64.Build.0 = Release_tracememory|Win32
		{8D451493-65C2-49C3-ADAE-ACB17E6B0650}.Release_tracememory|x86.ActiveCfg = Release_tracememory|Win32
		{8D451493-65C2-49C3-ADAE-ACB17E6B0650}.Release_tracememory|x86.Build.0 = Release_tracememory|Win32
		{8D451493-65C2-49C3-ADAE-ACB17E6B0650}.Release|x64.ActiveCfg = Release|x64
		{8D451493-65C2-49C3-ADAE-ACB17E6B0650}.Release|x64.Build.0 = Release|x64
		{8D451493-65C2-49C3-ADAE-ACB17E6B0650}.Release|x86.ActiveCfg = Release|Win32
		{8D451493-65C2-49C3-ADAE-ACB17E6B0650}.Release|x86.Build.0 = Release|Win32
	EndGlobalSection
	GlobalSection(SolutionProperties) = preSolution
		HideSolutionNode = FALSE
	EndGlobalSection
EndGlobal
