Microsoft Visual Studio Solution File, Format Version 12.00
# Visual Studio 14
VisualStudioVersion = 14.0.24720.0
MinimumVisualStudioVersion = 10.0.40219.1
Project("{8BC9CEB8-8B4A-11D0-8D11-00A0C91BC942}") = "CSCommon", "..\CSCommon\CSCommon.vcxproj", "{CBD109C1-1AA3-4A57-B439-9919C08FAAA5}"
EndProject
Project("{8BC9CEB8-8B4A-11D0-8D11-00A0C91BC942}") = "SafeUDP", "..\SafeUDP\SafeUDP.vcxproj", "{6C8069BD-5E8C-41EC-8BD9-2F819291BA67}"
EndProject
Project("{8BC9CEB8-8B4A-11D0-8D11-00A0C91BC942}") = "cml", "..\cml\cml.vcxproj", "{8D451493-65C2-49C3-ADAE-ACB17E6B0650}"
EndProject
Project("{8BC9CEB8-8B4A-11D0-8D11-00A0C91BC942}") = "MatchServer", "MatchServer.vcxproj", "{F9030DCC-F51B-4091-BCD5-7E4C9576E92E}"
EndProject
Project("{8BC9CEB8-8B4A-11D0-8D11-00A0C91BC942}") = "MDatabase", "..\MDatabase\MDatabase.vcxproj", "{98475FA7-BEA2-42EE-9B1C-31D9684D237B}"
EndProject
Project("{8BC9CEB8-8B4A-11D0-8D11-00A0C91BC942}") = "MCountryFilter", "..\MCountryFilter\MCountryFilter.vcxproj", "{43FAAF56-EA88-4D3F-95B7-14A0582F3290}"
EndProject
Project("{8BC9CEB8-8B4A-11D0-8D11-00A0C91BC942}") = "RealSpace2", "..\RealSpace2\RealSpace2.vcxproj", "{68FD6FF4-464A-4484-B397-0DFCC060B773}"
EndProject
Project("{8BC9CEB8-8B4A-11D0-8D11-00A0C91BC942}") = "Locator", "..\Locator\Locator.vcxproj", "{52E0F2E1-25FE-4F22-B82C-B000972D8F5A}"
EndProject
Global
	GlobalSection(SolutionConfigurationPlatforms) = preSolution
		Debug_tracememory|Win32 = Debug_tracememory|Win32
		Debug_tracememory|x64 = Debug_tracememory|x64
		Debug|Win32 = Debug|Win32
		Debug|x64 = Debug|x64
		MatchServer|Win32 = MatchServer|Win32
		MatchServer|x64 = MatchServer|x64
		Release LTCG|Win32 = Release LTCG|Win32
		Release LTCG|x64 = Release LTCG|x64
		Release_HShield|Win32 = Release_HShield|Win32
		Release_HShield|x64 = Release_HShield|x64
		Release_publish|Win32 = Release_publish|Win32
		Release_publish|x64 = Release_publish|x64
		Release|Win32 = Release|Win32
		Release|x64 = Release|x64
		z_BRZ_Debug|Win32 = z_BRZ_Debug|Win32
		z_BRZ_Debug|x64 = z_BRZ_Debug|x64
		z_BRZ_Release_publish|Win32 = z_BRZ_Release_publish|Win32
		z_BRZ_Release_publish|x64 = z_BRZ_Release_publish|x64
		z_IND_Debug|Win32 = z_IND_Debug|Win32
		z_IND_Debug|x64 = z_IND_Debug|x64
		z_IND_Release_publish|Win32 = z_IND_Release_publish|Win32
		z_IND_Release_publish|x64 = z_IND_Release_publish|x64
		z_JPN_DEBUG|Win32 = z_JPN_DEBUG|Win32
		z_JPN_DEBUG|x64 = z_JPN_DEBUG|x64
		z_JPN_Release_publish|Win32 = z_JPN_Release_publish|Win32
		z_JPN_Release_publish|x64 = z_JPN_Release_publish|x64
		z_US_Debug|Win32 = z_US_Debug|Win32
		z_US_Debug|x64 = z_US_Debug|x64
		z_US_Release_publish|Win32 = z_US_Release_publish|Win32
		z_US_Release_publish|x64 = z_US_Release_publish|x64
	EndGlobalSection
	GlobalSection(ProjectConfigurationPlatforms) = postSolution
		{CBD109C1-1AA3-4A57-B439-9919C08FAAA5}.Debug_tracememory|Win32.ActiveCfg = Debug|Win32
		{CBD109C1-1AA3-4A57-B439-9919C08FAAA5}.Debug_tracememory|Win32.Build.0 = Debug|Win32
		{CBD109C1-1AA3-4A57-B439-9919C08FAAA5}.Debug_tracememory|x64.ActiveCfg = Debug|x64
		{CBD109C1-1AA3-4A57-B439-9919C08FAAA5}.Debug_tracememory|x64.Build.0 = Debug|x64
		{CBD109C1-1AA3-4A57-B439-9919C08FAAA5}.Debug|Win32.ActiveCfg = Debug|Win32
		{CBD109C1-1AA3-4A57-B439-9919C08FAAA5}.Debug|Win32.Build.0 = Debug|Win32
		{CBD109C1-1AA3-4A57-B439-9919C08FAAA5}.Debug|x64.ActiveCfg = Debug|x64
		{CBD109C1-1AA3-4A57-B439-9919C08FAAA5}.Debug|x64.Build.0 = Debug|x64
		{CBD109C1-1AA3-4A57-B439-9919C08FAAA5}.MatchServer|Win32.ActiveCfg = Release|Win32
		{CBD109C1-1AA3-4A57-B439-9919C08FAAA5}.MatchServer|Win32.Build.0 = Release|Win32
		{CBD109C1-1AA3-4A57-B439-9919C08FAAA5}.MatchServer|x64.ActiveCfg = Release|x64
		{CBD109C1-1AA3-4A57-B439-9919C08FAAA5}.MatchServer|x64.Build.0 = Release|x64
		{CBD109C1-1AA3-4A57-B439-9919C08FAAA5}.Release LTCG|Win32.ActiveCfg = Release LTCG|Win32
		{CBD109C1-1AA3-4A57-B439-9919C08FAAA5}.Release LTCG|Win32.Build.0 = Release LTCG|Win32
		{CBD109C1-1AA3-4A57-B439-9919C08FAAA5}.Release LTCG|x64.ActiveCfg = Release LTCG|x64
		{CBD109C1-1AA3-4A57-B439-9919C08FAAA5}.Release LTCG|x64.Build.0 = Release LTCG|x64
		{CBD109C1-1AA3-4A57-B439-9919C08FAAA5}.Release_HShield|Win32.ActiveCfg = Release LTCG|Win32
		{CBD109C1-1AA3-4A57-B439-9919C08FAAA5}.Release_HShield|Win32.Build.0 = Release LTCG|Win32
		{CBD109C1-1AA3-4A57-B439-9919C08FAAA5}.Release_HShield|x64.ActiveCfg = Release|x64
		{CBD109C1-1AA3-4A57-B439-9919C08FAAA5}.Release_HShield|x64.Build.0 = Release|x64
		{CBD109C1-1AA3-4A57-B439-9919C08FAAA5}.Release_publish|Win32.ActiveCfg = Release|Win32
		{CBD109C1-1AA3-4A57-B439-9919C08FAAA5}.Release_publish|Win32.Build.0 = Release|Win32
		{CBD109C1-1AA3-4A57-B439-9919C08FAAA5}.Release_publish|x64.ActiveCfg = Release|x64
		{CBD109C1-1AA3-4A57-B439-9919C08FAAA5}.Release_publish|x64.Build.0 = Release|x64
		{CBD109C1-1AA3-4A57-B439-9919C08FAAA5}.Release|Win32.ActiveCfg = Release|Win32
		{CBD109C1-1AA3-4A57-B439-9919C08FAAA5}.Release|Win32.Build.0 = Release|Win32
		{CBD109C1-1AA3-4A57-B439-9919C08FAAA5}.Release|x64.ActiveCfg = Release|x64
		{CBD109C1-1AA3-4A57-B439-9919C08FAAA5}.Release|x64.Build.0 = Release|x64
		{CBD109C1-1AA3-4A57-B439-9919C08FAAA5}.z_BRZ_Debug|Win32.ActiveCfg = Debug|Win32
		{CBD109C1-1AA3-4A57-B439-9919C08FAAA5}.z_BRZ_Debug|Win32.Build.0 = Debug|Win32
		{CBD109C1-1AA3-4A57-B439-9919C08FAAA5}.z_BRZ_Debug|x64.ActiveCfg = Debug|x64
		{CBD109C1-1AA3-4A57-B439-9919C08FAAA5}.z_BRZ_Debug|x64.Build.0 = Debug|x64
		{CBD109C1-1AA3-4A57-B439-9919C08FAAA5}.z_BRZ_Release_publish|Win32.ActiveCfg = Release|Win32
		{CBD109C1-1AA3-4A57-B439-9919C08FAAA5}.z_BRZ_Release_publish|Win32.Build.0 = Release|Win32
		{CBD109C1-1AA3-4A57-B439-9919C08FAAA5}.z_BRZ_Release_publish|x64.ActiveCfg = Release|x64
		{CBD109C1-1AA3-4A57-B439-9919C08FAAA5}.z_BRZ_Release_publish|x64.Build.0 = Release|x64
		{CBD109C1-1AA3-4A57-B439-9919C08FAAA5}.z_IND_Debug|Win32.ActiveCfg = Debug|Win32
		{CBD109C1-1AA3-4A57-B439-9919C08FAAA5}.z_IND_Debug|Win32.Build.0 = Debug|Win32
		{CBD109C1-1AA3-4A57-B439-9919C08FAAA5}.z_IND_Debug|x64.ActiveCfg = Debug|x64
		{CBD109C1-1AA3-4A57-B439-9919C08FAAA5}.z_IND_Debug|x64.Build.0 = Debug|x64
		{CBD109C1-1AA3-4A57-B439-9919C08FAAA5}.z_IND_Release_publish|Win32.ActiveCfg = Release|Win32
		{CBD109C1-1AA3-4A57-B439-9919C08FAAA5}.z_IND_Release_publish|Win32.Build.0 = Release|Win32
		{CBD109C1-1AA3-4A57-B439-9919C08FAAA5}.z_IND_Release_publish|x64.ActiveCfg = Release|x64
		{CBD109C1-1AA3-4A57-B439-9919C08FAAA5}.z_IND_Release_publish|x64.Build.0 = Release|x64
		{CBD109C1-1AA3-4A57-B439-9919C08FAAA5}.z_JPN_DEBUG|Win32.ActiveCfg = Release LTCG|Win32
		{CBD109C1-1AA3-4A57-B439-9919C08FAAA5}.z_JPN_DEBUG|Win32.Build.0 = Release LTCG|Win32
		{CBD109C1-1AA3-4A57-B439-9919C08FAAA5}.z_JPN_DEBUG|x64.ActiveCfg = Release|x64
		{CBD109C1-1AA3-4A57-B439-9919C08FAAA5}.z_JPN_DEBUG|x64.Build.0 = Release|x64
		{CBD109C1-1AA3-4A57-B439-9919C08FAAA5}.z_JPN_Release_publish|Win32.ActiveCfg = Release|Win32
		{CBD109C1-1AA3-4A57-B439-9919C08FAAA5}.z_JPN_Release_publish|Win32.Build.0 = Release|Win32
		{CBD109C1-1AA3-4A57-B439-9919C08FAAA5}.z_JPN_Release_publish|x64.ActiveCfg = Release|x64
		{CBD109C1-1AA3-4A57-B439-9919C08FAAA5}.z_JPN_Release_publish|x64.Build.0 = Release|x64
		{CBD109C1-1AA3-4A57-B439-9919C08FAAA5}.z_US_Debug|Win32.ActiveCfg = Debug|Win32
		{CBD109C1-1AA3-4A57-B439-9919C08FAAA5}.z_US_Debug|Win32.Build.0 = Debug|Win32
		{CBD109C1-1AA3-4A57-B439-9919C08FAAA5}.z_US_Debug|x64.ActiveCfg = Debug|x64
		{CBD109C1-1AA3-4A57-B439-9919C08FAAA5}.z_US_Debug|x64.Build.0 = Debug|x64
		{CBD109C1-1AA3-4A57-B439-9919C08FAAA5}.z_US_Release_publish|Win32.ActiveCfg = Release|Win32
		{CBD109C1-1AA3-4A57-B439-9919C08FAAA5}.z_US_Release_publish|Win32.Build.0 = Release|Win32
		{CBD109C1-1AA3-4A57-B439-9919C08FAAA5}.z_US_Release_publish|x64.ActiveCfg = Release|x64
		{CBD109C1-1AA3-4A57-B439-9919C08FAAA5}.z_US_Release_publish|x64.Build.0 = Release|x64
		{6C8069BD-5E8C-41EC-8BD9-2F819291BA67}.Debug_tracememory|Win32.ActiveCfg = Debug|Win32
		{6C8069BD-5E8C-41EC-8BD9-2F819291BA67}.Debug_tracememory|Win32.Build.0 = Debug|Win32
		{6C8069BD-5E8C-41EC-8BD9-2F819291BA67}.Debug_tracememory|x64.ActiveCfg = Debug|x64
		{6C8069BD-5E8C-41EC-8BD9-2F819291BA67}.Debug_tracememory|x64.Build.0 = Debug|x64
		{6C8069BD-5E8C-41EC-8BD9-2F819291BA67}.Debug|Win32.ActiveCfg = Debug|Win32
		{6C8069BD-5E8C-41EC-8BD9-2F819291BA67}.Debug|Win32.Build.0 = Debug|Win32
		{6C8069BD-5E8C-41EC-8BD9-2F819291BA67}.Debug|x64.ActiveCfg = Debug|x64
		{6C8069BD-5E8C-41EC-8BD9-2F819291BA67}.Debug|x64.Build.0 = Debug|x64
		{6C8069BD-5E8C-41EC-8BD9-2F819291BA67}.MatchServer|Win32.ActiveCfg = Release|Win32
		{6C8069BD-5E8C-41EC-8BD9-2F819291BA67}.MatchServer|Win32.Build.0 = Release|Win32
		{6C8069BD-5E8C-41EC-8BD9-2F819291BA67}.MatchServer|x64.ActiveCfg = Release|x64
		{6C8069BD-5E8C-41EC-8BD9-2F819291BA67}.MatchServer|x64.Build.0 = Release|x64
		{6C8069BD-5E8C-41EC-8BD9-2F819291BA67}.Release LTCG|Win32.ActiveCfg = Release|Win32
		{6C8069BD-5E8C-41EC-8BD9-2F819291BA67}.Release LTCG|Win32.Build.0 = Release|Win32
		{6C8069BD-5E8C-41EC-8BD9-2F819291BA67}.Release LTCG|x64.ActiveCfg = Release|x64
		{6C8069BD-5E8C-41EC-8BD9-2F819291BA67}.Release LTCG|x64.Build.0 = Release|x64
		{6C8069BD-5E8C-41EC-8BD9-2F819291BA67}.Release_HShield|Win32.ActiveCfg = Release|Win32
		{6C8069BD-5E8C-41EC-8BD9-2F819291BA67}.Release_HShield|Win32.Build.0 = Release|Win32
		{6C8069BD-5E8C-41EC-8BD9-2F819291BA67}.Release_HShield|x64.ActiveCfg = Release|x64
		{6C8069BD-5E8C-41EC-8BD9-2F819291BA67}.Release_HShield|x64.Build.0 = Release|x64
		{6C8069BD-5E8C-41EC-8BD9-2F819291BA67}.Release_publish|Win32.ActiveCfg = Release|Win32
		{6C8069BD-5E8C-41EC-8BD9-2F819291BA67}.Release_publish|Win32.Build.0 = Release|Win32
		{6C8069BD-5E8C-41EC-8BD9-2F819291BA67}.Release_publish|x64.ActiveCfg = Release|x64
		{6C8069BD-5E8C-41EC-8BD9-2F819291BA67}.Release_publish|x64.Build.0 = Release|x64
		{6C8069BD-5E8C-41EC-8BD9-2F819291BA67}.Release|Win32.ActiveCfg = Release|Win32
		{6C8069BD-5E8C-41EC-8BD9-2F819291BA67}.Release|Win32.Build.0 = Release|Win32
		{6C8069BD-5E8C-41EC-8BD9-2F819291BA67}.Release|x64.ActiveCfg = Release|x64
		{6C8069BD-5E8C-41EC-8BD9-2F819291BA67}.Release|x64.Build.0 = Release|x64
		{6C8069BD-5E8C-41EC-8BD9-2F819291BA67}.z_BRZ_Debug|Win32.ActiveCfg = Debug|Win32
		{6C8069BD-5E8C-41EC-8BD9-2F819291BA67}.z_BRZ_Debug|Win32.Build.0 = Debug|Win32
		{6C8069BD-5E8C-41EC-8BD9-2F819291BA67}.z_BRZ_Debug|x64.ActiveCfg = Debug|x64
		{6C8069BD-5E8C-41EC-8BD9-2F819291BA67}.z_BRZ_Debug|x64.Build.0 = Debug|x64
		{6C8069BD-5E8C-41EC-8BD9-2F819291BA67}.z_BRZ_Release_publish|Win32.ActiveCfg = Release|Win32
		{6C8069BD-5E8C-41EC-8BD9-2F819291BA67}.z_BRZ_Release_publish|Win32.Build.0 = Release|Win32
		{6C8069BD-5E8C-41EC-8BD9-2F819291BA67}.z_BRZ_Release_publish|x64.ActiveCfg = Release|x64
		{6C8069BD-5E8C-41EC-8BD9-2F819291BA67}.z_BRZ_Release_publish|x64.Build.0 = Release|x64
		{6C8069BD-5E8C-41EC-8BD9-2F819291BA67}.z_IND_Debug|Win32.ActiveCfg = Debug|Win32
		{6C8069BD-5E8C-41EC-8BD9-2F819291BA67}.z_IND_Debug|Win32.Build.0 = Debug|Win32
		{6C8069BD-5E8C-41EC-8BD9-2F819291BA67}.z_IND_Debug|x64.ActiveCfg = Debug|x64
		{6C8069BD-5E8C-41EC-8BD9-2F819291BA67}.z_IND_Debug|x64.Build.0 = Debug|x64
		{6C8069BD-5E8C-41EC-8BD9-2F819291BA67}.z_IND_Release_publish|Win32.ActiveCfg = Release|Win32
		{6C8069BD-5E8C-41EC-8BD9-2F819291BA67}.z_IND_Release_publish|Win32.Build.0 = Release|Win32
		{6C8069BD-5E8C-41EC-8BD9-2F819291BA67}.z_IND_Release_publish|x64.ActiveCfg = Release|x64
		{6C8069BD-5E8C-41EC-8BD9-2F819291BA67}.z_IND_Release_publish|x64.Build.0 = Release|x64
		{6C8069BD-5E8C-41EC-8BD9-2F819291BA67}.z_JPN_DEBUG|Win32.ActiveCfg = Debug|Win32
		{6C8069BD-5E8C-41EC-8BD9-2F819291BA67}.z_JPN_DEBUG|Win32.Build.0 = Debug|Win32
		{6C8069BD-5E8C-41EC-8BD9-2F819291BA67}.z_JPN_DEBUG|x64.ActiveCfg = Release|x64
		{6C8069BD-5E8C-41EC-8BD9-2F819291BA67}.z_JPN_DEBUG|x64.Build.0 = Release|x64
		{6C8069BD-5E8C-41EC-8BD9-2F819291BA67}.z_JPN_Release_publish|Win32.ActiveCfg = Release|Win32
		{6C8069BD-5E8C-41EC-8BD9-2F819291BA67}.z_JPN_Release_publish|Win32.Build.0 = Release|Win32
		{6C8069BD-5E8C-41EC-8BD9-2F819291BA67}.z_JPN_Release_publish|x64.ActiveCfg = Release|x64
		{6C8069BD-5E8C-41EC-8BD9-2F819291BA67}.z_JPN_Release_publish|x64.Build.0 = Release|x64
		{6C8069BD-5E8C-41EC-8BD9-2F819291BA67}.z_US_Debug|Win32.ActiveCfg = Debug|Win32
		{6C8069BD-5E8C-41EC-8BD9-2F819291BA67}.z_US_Debug|Win32.Build.0 = Debug|Win32
		{6C8069BD-5E8C-41EC-8BD9-2F819291BA67}.z_US_Debug|x64.ActiveCfg = Debug|x64
		{6C8069BD-5E8C-41EC-8BD9-2F819291BA67}.z_US_Debug|x64.Build.0 = Debug|x64
		{6C8069BD-5E8C-41EC-8BD9-2F819291BA67}.z_US_Release_publish|Win32.ActiveCfg = Release|Win32
		{6C8069BD-5E8C-41EC-8BD9-2F819291BA67}.z_US_Release_publish|Win32.Build.0 = Release|Win32
		{6C8069BD-5E8C-41EC-8BD9-2F819291BA67}.z_US_Release_publish|x64.ActiveCfg = Release|x64
		{6C8069BD-5E8C-41EC-8BD9-2F819291BA67}.z_US_Release_publish|x64.Build.0 = Release|x64
		{8D451493-65C2-49C3-ADAE-ACB17E6B0650}.Debug_tracememory|Win32.ActiveCfg = Debug|Win32
		{8D451493-65C2-49C3-ADAE-ACB17E6B0650}.Debug_tracememory|Win32.Build.0 = Debug|Win32
		{8D451493-65C2-49C3-ADAE-ACB17E6B0650}.Debug_tracememory|x64.ActiveCfg = Debug|x64
		{8D451493-65C2-49C3-ADAE-ACB17E6B0650}.Debug_tracememory|x64.Build.0 = Debug|x64
		{8D451493-65C2-49C3-ADAE-ACB17E6B0650}.Debug|Win32.ActiveCfg = MatchServer Debug|Win32
		{8D451493-65C2-49C3-ADAE-ACB17E6B0650}.Debug|Win32.Build.0 = MatchServer Debug|Win32
		{8D451493-65C2-49C3-ADAE-ACB17E6B0650}.Debug|x64.ActiveCfg = Debug|x64
		{8D451493-65C2-49C3-ADAE-ACB17E6B0650}.Debug|x64.Build.0 = Debug|x64
		{8D451493-65C2-49C3-ADAE-ACB17E6B0650}.MatchServer|Win32.ActiveCfg = MatchServer Release|Win32
		{8D451493-65C2-49C3-ADAE-ACB17E6B0650}.MatchServer|Win32.Build.0 = MatchServer Release|Win32
		{8D451493-65C2-49C3-ADAE-ACB17E6B0650}.MatchServer|x64.ActiveCfg = MatchServer Debug|x64
		{8D451493-65C2-49C3-ADAE-ACB17E6B0650}.MatchServer|x64.Build.0 = MatchServer Debug|x64
		{8D451493-65C2-49C3-ADAE-ACB17E6B0650}.Release LTCG|Win32.ActiveCfg = Release LTCG|Win32
		{8D451493-65C2-49C3-ADAE-ACB17E6B0650}.Release LTCG|Win32.Build.0 = Release LTCG|Win32
		{8D451493-65C2-49C3-ADAE-ACB17E6B0650}.Release LTCG|x64.ActiveCfg = Release LTCG|x64
		{8D451493-65C2-49C3-ADAE-ACB17E6B0650}.Release LTCG|x64.Build.0 = Release LTCG|x64
		{8D451493-65C2-49C3-ADAE-ACB17E6B0650}.Release_HShield|Win32.ActiveCfg = Release LTCG|Win32
		{8D451493-65C2-49C3-ADAE-ACB17E6B0650}.Release_HShield|Win32.Build.0 = Release LTCG|Win32
		{8D451493-65C2-49C3-ADAE-ACB17E6B0650}.Release_HShield|x64.ActiveCfg = Release|x64
		{8D451493-65C2-49C3-ADAE-ACB17E6B0650}.Release_HShield|x64.Build.0 = Release|x64
		{8D451493-65C2-49C3-ADAE-ACB17E6B0650}.Release_publish|Win32.ActiveCfg = Release LTCG|Win32
		{8D451493-65C2-49C3-ADAE-ACB17E6B0650}.Release_publish|Win32.Build.0 = Release LTCG|Win32
		{8D451493-65C2-49C3-ADAE-ACB17E6B0650}.Release_publish|x64.ActiveCfg = Release|x64
		{8D451493-65C2-49C3-ADAE-ACB17E6B0650}.Release_publish|x64.Build.0 = Release|x64
		{8D451493-65C2-49C3-ADAE-ACB17E6B0650}.Release|Win32.ActiveCfg = Release|Win32
		{8D451493-65C2-49C3-ADAE-ACB17E6B0650}.Release|Win32.Build.0 = Release|Win32
		{8D451493-65C2-49C3-ADAE-ACB17E6B0650}.Release|x64.ActiveCfg = Release|x64
		{8D451493-65C2-49C3-ADAE-ACB17E6B0650}.Release|x64.Build.0 = Release|x64
		{8D451493-65C2-49C3-ADAE-ACB17E6B0650}.z_BRZ_Debug|Win32.ActiveCfg = Debug|Win32
		{8D451493-65C2-49C3-ADAE-ACB17E6B0650}.z_BRZ_Debug|Win32.Build.0 = Debug|Win32
		{8D451493-65C2-49C3-ADAE-ACB17E6B0650}.z_BRZ_Debug|x64.ActiveCfg = Debug|x64
		{8D451493-65C2-49C3-ADAE-ACB17E6B0650}.z_BRZ_Debug|x64.Build.0 = Debug|x64
		{8D451493-65C2-49C3-ADAE-ACB17E6B0650}.z_BRZ_Release_publish|Win32.ActiveCfg = Release|Win32
		{8D451493-65C2-49C3-ADAE-ACB17E6B0650}.z_BRZ_Release_publish|Win32.Build.0 = Release|Win32
		{8D451493-65C2-49C3-ADAE-ACB17E6B0650}.z_BRZ_Release_publish|x64.ActiveCfg = Release|x64
		{8D451493-65C2-49C3-ADAE-ACB17E6B0650}.z_BRZ_Release_publish|x64.Build.0 = Release|x64
		{8D451493-65C2-49C3-ADAE-ACB17E6B0650}.z_IND_Debug|Win32.ActiveCfg = Debug|Win32
		{8D451493-65C2-49C3-ADAE-ACB17E6B0650}.z_IND_Debug|Win32.Build.0 = Debug|Win32
		{8D451493-65C2-49C3-ADAE-ACB17E6B0650}.z_IND_Debug|x64.ActiveCfg = Debug|x64
		{8D451493-65C2-49C3-ADAE-ACB17E6B0650}.z_IND_Debug|x64.Build.0 = Debug|x64
		{8D451493-65C2-49C3-ADAE-ACB17E6B0650}.z_IND_Release_publish|Win32.ActiveCfg = Release|Win32
		{8D451493-65C2-49C3-ADAE-ACB17E6B0650}.z_IND_Release_publish|Win32.Build.0 = Release|Win32
		{8D451493-65C2-49C3-ADAE-ACB17E6B0650}.z_IND_Release_publish|x64.ActiveCfg = Release|x64
		{8D451493-65C2-49C3-ADAE-ACB17E6B0650}.z_IND_Release_publish|x64.Build.0 = Release|x64
		{8D451493-65C2-49C3-ADAE-ACB17E6B0650}.z_JPN_DEBUG|Win32.ActiveCfg = Debug|Win32
		{8D451493-65C2-49C3-ADAE-ACB17E6B0650}.z_JPN_DEBUG|Win32.Build.0 = Debug|Win32
		{8D451493-65C2-49C3-ADAE-ACB17E6B0650}.z_JPN_DEBUG|x64.ActiveCfg = MatchServer Debug|x64
		{8D451493-65C2-49C3-ADAE-ACB17E6B0650}.z_JPN_DEBUG|x64.Build.0 = MatchServer Debug|x64
		{8D451493-65C2-49C3-ADAE-ACB17E6B0650}.z_JPN_Release_publish|Win32.ActiveCfg = Release|Win32
		{8D451493-65C2-49C3-ADAE-ACB17E6B0650}.z_JPN_Release_publish|Win32.Build.0 = Release|Win32
		{8D451493-65C2-49C3-ADAE-ACB17E6B0650}.z_JPN_Release_publish|x64.ActiveCfg = Release|x64
		{8D451493-65C2-49C3-ADAE-ACB17E6B0650}.z_JPN_Release_publish|x64.Build.0 = Release|x64
		{8D451493-65C2-49C3-ADAE-ACB17E6B0650}.z_US_Debug|Win32.ActiveCfg = Debug|Win32
		{8D451493-65C2-49C3-ADAE-ACB17E6B0650}.z_US_Debug|Win32.Build.0 = Debug|Win32
		{8D451493-65C2-49C3-ADAE-ACB17E6B0650}.z_US_Debug|x64.ActiveCfg = Debug|x64
		{8D451493-65C2-49C3-ADAE-ACB17E6B0650}.z_US_Debug|x64.Build.0 = Debug|x64
		{8D451493-65C2-49C3-ADAE-ACB17E6B0650}.z_US_Release_publish|Win32.ActiveCfg = Release|Win32
		{8D451493-65C2-49C3-ADAE-ACB17E6B0650}.z_US_Release_publish|Win32.Build.0 = Release|Win32
		{8D451493-65C2-49C3-ADAE-ACB17E6B0650}.z_US_Release_publish|x64.ActiveCfg = Release|x64
		{8D451493-65C2-49C3-ADAE-ACB17E6B0650}.z_US_Release_publish|x64.Build.0 = Release|x64
		{F9030DCC-F51B-4091-BCD5-7E4C9576E92E}.Debug_tracememory|Win32.ActiveCfg = Debug_tracememory|Win32
		{F9030DCC-F51B-4091-BCD5-7E4C9576E92E}.Debug_tracememory|Win32.Build.0 = Debug_tracememory|Win32
		{F9030DCC-F51B-4091-BCD5-7E4C9576E92E}.Debug_tracememory|x64.ActiveCfg = Debug_tracememory|Win32
		{F9030DCC-F51B-4091-BCD5-7E4C9576E92E}.Debug|Win32.ActiveCfg = Debug|Win32
		{F9030DCC-F51B-4091-BCD5-7E4C9576E92E}.Debug|Win32.Build.0 = Debug|Win32
		{F9030DCC-F51B-4091-BCD5-7E4C9576E92E}.Debug|x64.ActiveCfg = Debug|Win32
		{F9030DCC-F51B-4091-BCD5-7E4C9576E92E}.MatchServer|Win32.ActiveCfg = Release|Win32
		{F9030DCC-F51B-4091-BCD5-7E4C9576E92E}.MatchServer|Win32.Build.0 = Release|Win32
		{F9030DCC-F51B-4091-BCD5-7E4C9576E92E}.MatchServer|x64.ActiveCfg = z_US_Release_publish|Win32
		{F9030DCC-F51B-4091-BCD5-7E4C9576E92E}.MatchServer|x64.Build.0 = z_US_Release_publish|Win32
		{F9030DCC-F51B-4091-BCD5-7E4C9576E92E}.Release LTCG|Win32.ActiveCfg = Release|Win32
		{F9030DCC-F51B-4091-BCD5-7E4C9576E92E}.Release LTCG|Win32.Build.0 = Release|Win32
		{F9030DCC-F51B-4091-BCD5-7E4C9576E92E}.Release LTCG|x64.ActiveCfg = z_US_Release_publish|Win32
		{F9030DCC-F51B-4091-BCD5-7E4C9576E92E}.Release LTCG|x64.Build.0 = z_US_Release_publish|Win32
		{F9030DCC-F51B-4091-BCD5-7E4C9576E92E}.Release_HShield|Win32.ActiveCfg = Release|Win32
		{F9030DCC-F51B-4091-BCD5-7E4C9576E92E}.Release_HShield|Win32.Build.0 = Release|Win32
		{F9030DCC-F51B-4091-BCD5-7E4C9576E92E}.Release_HShield|x64.ActiveCfg = z_US_Release_publish|Win32
		{F9030DCC-F51B-4091-BCD5-7E4C9576E92E}.Release_HShield|x64.Build.0 = z_US_Release_publish|Win32
		{F9030DCC-F51B-4091-BCD5-7E4C9576E92E}.Release_publish|Win32.ActiveCfg = Release|Win32
		{F9030DCC-F51B-4091-BCD5-7E4C9576E92E}.Release_publish|Win32.Build.0 = Release|Win32
		{F9030DCC-F51B-4091-BCD5-7E4C9576E92E}.Release_publish|x64.ActiveCfg = z_US_Release_publish|Win32
		{F9030DCC-F51B-4091-BCD5-7E4C9576E92E}.Release_publish|x64.Build.0 = z_US_Release_publish|Win32
		{F9030DCC-F51B-4091-BCD5-7E4C9576E92E}.Release|Win32.ActiveCfg = Release|Win32
		{F9030DCC-F51B-4091-BCD5-7E4C9576E92E}.Release|Win32.Build.0 = Release|Win32
		{F9030DCC-F51B-4091-BCD5-7E4C9576E92E}.Release|x64.ActiveCfg = Release|Win32
		{F9030DCC-F51B-4091-BCD5-7E4C9576E92E}.z_BRZ_Debug|Win32.ActiveCfg = z_BRZ_DEBUG|Win32
		{F9030DCC-F51B-4091-BCD5-7E4C9576E92E}.z_BRZ_Debug|Win32.Build.0 = z_BRZ_DEBUG|Win32
		{F9030DCC-F51B-4091-BCD5-7E4C9576E92E}.z_BRZ_Debug|x64.ActiveCfg = z_BRZ_DEBUG|Win32
		{F9030DCC-F51B-4091-BCD5-7E4C9576E92E}.z_BRZ_Release_publish|Win32.ActiveCfg = z_BRZ_Release_publish|Win32
		{F9030DCC-F51B-4091-BCD5-7E4C9576E92E}.z_BRZ_Release_publish|Win32.Build.0 = z_BRZ_Release_publish|Win32
		{F9030DCC-F51B-4091-BCD5-7E4C9576E92E}.z_BRZ_Release_publish|x64.ActiveCfg = z_BRZ_Release_publish|Win32
		{F9030DCC-F51B-4091-BCD5-7E4C9576E92E}.z_IND_Debug|Win32.ActiveCfg = z_IND_Debug|Win32
		{F9030DCC-F51B-4091-BCD5-7E4C9576E92E}.z_IND_Debug|Win32.Build.0 = z_IND_Debug|Win32
		{F9030DCC-F51B-4091-BCD5-7E4C9576E92E}.z_IND_Debug|x64.ActiveCfg = z_IND_Debug|Win32
		{F9030DCC-F51B-4091-BCD5-7E4C9576E92E}.z_IND_Release_publish|Win32.ActiveCfg = z_IND_Release_publish|Win32
		{F9030DCC-F51B-4091-BCD5-7E4C9576E92E}.z_IND_Release_publish|Win32.Build.0 = z_IND_Release_publish|Win32
		{F9030DCC-F51B-4091-BCD5-7E4C9576E92E}.z_IND_Release_publish|x64.ActiveCfg = z_IND_Release_publish|Win32
		{F9030DCC-F51B-4091-BCD5-7E4C9576E92E}.z_JPN_DEBUG|Win32.ActiveCfg = z_JPN_Debug|Win32
		{F9030DCC-F51B-4091-BCD5-7E4C9576E92E}.z_JPN_DEBUG|Win32.Build.0 = z_JPN_Debug|Win32
		{F9030DCC-F51B-4091-BCD5-7E4C9576E92E}.z_JPN_DEBUG|x64.ActiveCfg = z_JPN_Debug|Win32
		{F9030DCC-F51B-4091-BCD5-7E4C9576E92E}.z_JPN_Release_publish|Win32.ActiveCfg = z_JPN_Release_publish|Win32
		{F9030DCC-F51B-4091-BCD5-7E4C9576E92E}.z_JPN_Release_publish|Win32.Build.0 = z_JPN_Release_publish|Win32
		{F9030DCC-F51B-4091-BCD5-7E4C9576E92E}.z_JPN_Release_publish|x64.ActiveCfg = z_JPN_Release_publish|Win32
		{F9030DCC-F51B-4091-BCD5-7E4C9576E92E}.z_US_Debug|Win32.ActiveCfg = z_US_Debug|Win32
		{F9030DCC-F51B-4091-BCD5-7E4C9576E92E}.z_US_Debug|Win32.Build.0 = z_US_Debug|Win32
		{F9030DCC-F51B-4091-BCD5-7E4C9576E92E}.z_US_Debug|x64.ActiveCfg = z_US_Debug|Win32
		{F9030DCC-F51B-4091-BCD5-7E4C9576E92E}.z_US_Release_publish|Win32.ActiveCfg = z_US_Release_publish|Win32
		{F9030DCC-F51B-4091-BCD5-7E4C9576E92E}.z_US_Release_publish|Win32.Build.0 = z_US_Release_publish|Win32
		{F9030DCC-F51B-4091-BCD5-7E4C9576E92E}.z_US_Release_publish|x64.ActiveCfg = z_US_Release_publish|Win32
		{98475FA7-BEA2-42EE-9B1C-31D9684D237B}.Debug_tracememory|Win32.ActiveCfg = Debug|Win32
		{98475FA7-BEA2-42EE-9B1C-31D9684D237B}.Debug_tracememory|Win32.Build.0 = Debug|Win32
		{98475FA7-BEA2-42EE-9B1C-31D9684D237B}.Debug_tracememory|x64.ActiveCfg = Debug|x64
		{98475FA7-BEA2-42EE-9B1C-31D9684D237B}.Debug_tracememory|x64.Build.0 = Debug|x64
		{98475FA7-BEA2-42EE-9B1C-31D9684D237B}.Debug|Win32.ActiveCfg = Debug|Win32
		{98475FA7-BEA2-42EE-9B1C-31D9684D237B}.Debug|Win32.Build.0 = Debug|Win32
		{98475FA7-BEA2-42EE-9B1C-31D9684D237B}.Debug|x64.ActiveCfg = Debug|x64
		{98475FA7-BEA2-42EE-9B1C-31D9684D237B}.Debug|x64.Build.0 = Debug|x64
		{98475FA7-BEA2-42EE-9B1C-31D9684D237B}.MatchServer|Win32.ActiveCfg = Release|Win32
		{98475FA7-BEA2-42EE-9B1C-31D9684D237B}.MatchServer|Win32.Build.0 = Release|Win32
		{98475FA7-BEA2-42EE-9B1C-31D9684D237B}.MatchServer|x64.ActiveCfg = Release|x64
		{98475FA7-BEA2-42EE-9B1C-31D9684D237B}.MatchServer|x64.Build.0 = Release|x64
		{98475FA7-BEA2-42EE-9B1C-31D9684D237B}.Release LTCG|Win32.ActiveCfg = Release|Win32
		{98475FA7-BEA2-42EE-9B1C-31D9684D237B}.Release LTCG|Win32.Build.0 = Release|Win32
		{98475FA7-BEA2-42EE-9B1C-31D9684D237B}.Release LTCG|x64.ActiveCfg = Release|x64
		{98475FA7-BEA2-42EE-9B1C-31D9684D237B}.Release LTCG|x64.Build.0 = Release|x64
		{98475FA7-BEA2-42EE-9B1C-31D9684D237B}.Release_HShield|Win32.ActiveCfg = Release|Win32
		{98475FA7-BEA2-42EE-9B1C-31D9684D237B}.Release_HShield|Win32.Build.0 = Release|Win32
		{98475FA7-BEA2-42EE-9B1C-31D9684D237B}.Release_HShield|x64.ActiveCfg = Release|x64
		{98475FA7-BEA2-42EE-9B1C-31D9684D237B}.Release_HShield|x64.Build.0 = Release|x64
		{98475FA7-BEA2-42EE-9B1C-31D9684D237B}.Release_publish|Win32.ActiveCfg = Release|Win32
		{98475FA7-BEA2-42EE-9B1C-31D9684D237B}.Release_publish|Win32.Build.0 = Release|Win32
		{98475FA7-BEA2-42EE-9B1C-31D9684D237B}.Release_publish|x64.ActiveCfg = Release|x64
		{98475FA7-BEA2-42EE-9B1C-31D9684D237B}.Release_publish|x64.Build.0 = Release|x64
		{98475FA7-BEA2-42EE-9B1C-31D9684D237B}.Release|Win32.ActiveCfg = Release|Win32
		{98475FA7-BEA2-42EE-9B1C-31D9684D237B}.Release|Win32.Build.0 = Release|Win32
		{98475FA7-BEA2-42EE-9B1C-31D9684D237B}.Release|x64.ActiveCfg = Release|x64
		{98475FA7-BEA2-42EE-9B1C-31D9684D237B}.Release|x64.Build.0 = Release|x64
		{98475FA7-BEA2-42EE-9B1C-31D9684D237B}.z_BRZ_Debug|Win32.ActiveCfg = Debug|Win32
		{98475FA7-BEA2-42EE-9B1C-31D9684D237B}.z_BRZ_Debug|Win32.Build.0 = Debug|Win32
		{98475FA7-BEA2-42EE-9B1C-31D9684D237B}.z_BRZ_Debug|x64.ActiveCfg = Debug|x64
		{98475FA7-BEA2-42EE-9B1C-31D9684D237B}.z_BRZ_Debug|x64.Build.0 = Debug|x64
		{98475FA7-BEA2-42EE-9B1C-31D9684D237B}.z_BRZ_Release_publish|Win32.ActiveCfg = Release|Win32
		{98475FA7-BEA2-42EE-9B1C-31D9684D237B}.z_BRZ_Release_publish|Win32.Build.0 = Release|Win32
		{98475FA7-BEA2-42EE-9B1C-31D9684D237B}.z_BRZ_Release_publish|x64.ActiveCfg = Release|x64
		{98475FA7-BEA2-42EE-9B1C-31D9684D237B}.z_BRZ_Release_publish|x64.Build.0 = Release|x64
		{98475FA7-BEA2-42EE-9B1C-31D9684D237B}.z_IND_Debug|Win32.ActiveCfg = Debug|Win32
		{98475FA7-BEA2-42EE-9B1C-31D9684D237B}.z_IND_Debug|Win32.Build.0 = Debug|Win32
		{98475FA7-BEA2-42EE-9B1C-31D9684D237B}.z_IND_Debug|x64.ActiveCfg = Debug|x64
		{98475FA7-BEA2-42EE-9B1C-31D9684D237B}.z_IND_Debug|x64.Build.0 = Debug|x64
		{98475FA7-BEA2-42EE-9B1C-31D9684D237B}.z_IND_Release_publish|Win32.ActiveCfg = Release|Win32
		{98475FA7-BEA2-42EE-9B1C-31D9684D237B}.z_IND_Release_publish|Win32.Build.0 = Release|Win32
		{98475FA7-BEA2-42EE-9B1C-31D9684D237B}.z_IND_Release_publish|x64.ActiveCfg = Release|x64
		{98475FA7-BEA2-42EE-9B1C-31D9684D237B}.z_IND_Release_publish|x64.Build.0 = Release|x64
		{98475FA7-BEA2-42EE-9B1C-31D9684D237B}.z_JPN_DEBUG|Win32.ActiveCfg = Debug|Win32
		{98475FA7-BEA2-42EE-9B1C-31D9684D237B}.z_JPN_DEBUG|Win32.Build.0 = Debug|Win32
		{98475FA7-BEA2-42EE-9B1C-31D9684D237B}.z_JPN_DEBUG|x64.ActiveCfg = Release|x64
		{98475FA7-BEA2-42EE-9B1C-31D9684D237B}.z_JPN_DEBUG|x64.Build.0 = Release|x64
		{98475FA7-BEA2-42EE-9B1C-31D9684D237B}.z_JPN_Release_publish|Win32.ActiveCfg = Release|Win32
		{98475FA7-BEA2-42EE-9B1C-31D9684D237B}.z_JPN_Release_publish|Win32.Build.0 = Release|Win32
		{98475FA7-BEA2-42EE-9B1C-31D9684D237B}.z_JPN_Release_publish|x64.ActiveCfg = Release|x64
		{98475FA7-BEA2-42EE-9B1C-31D9684D237B}.z_JPN_Release_publish|x64.Build.0 = Release|x64
		{98475FA7-BEA2-42EE-9B1C-31D9684D237B}.z_US_Debug|Win32.ActiveCfg = Debug|Win32
		{98475FA7-BEA2-42EE-9B1C-31D9684D237B}.z_US_Debug|Win32.Build.0 = Debug|Win32
		{98475FA7-BEA2-42EE-9B1C-31D9684D237B}.z_US_Debug|x64.ActiveCfg = Debug|x64
		{98475FA7-BEA2-42EE-9B1C-31D9684D237B}.z_US_Debug|x64.Build.0 = Debug|x64
		{98475FA7-BEA2-42EE-9B1C-31D9684D237B}.z_US_Release_publish|Win32.ActiveCfg = Release|Win32
		{98475FA7-BEA2-42EE-9B1C-31D9684D237B}.z_US_Release_publish|Win32.Build.0 = Release|Win32
		{98475FA7-BEA2-42EE-9B1C-31D9684D237B}.z_US_Release_publish|x64.ActiveCfg = Release|x64
		{98475FA7-BEA2-42EE-9B1C-31D9684D237B}.z_US_Release_publish|x64.Build.0 = Release|x64
		{43FAAF56-EA88-4D3F-95B7-14A0582F3290}.Debug_tracememory|Win32.ActiveCfg = Debug|Win32
		{43FAAF56-EA88-4D3F-95B7-14A0582F3290}.Debug_tracememory|Win32.Build.0 = Debug|Win32
		{43FAAF56-EA88-4D3F-95B7-14A0582F3290}.Debug_tracememory|x64.ActiveCfg = Debug|x64
		{43FAAF56-EA88-4D3F-95B7-14A0582F3290}.Debug_tracememory|x64.Build.0 = Debug|x64
		{43FAAF56-EA88-4D3F-95B7-14A0582F3290}.Debug|Win32.ActiveCfg = Debug|Win32
		{43FAAF56-EA88-4D3F-95B7-14A0582F3290}.Debug|Win32.Build.0 = Debug|Win32
		{43FAAF56-EA88-4D3F-95B7-14A0582F3290}.Debug|x64.ActiveCfg = Debug|x64
		{43FAAF56-EA88-4D3F-95B7-14A0582F3290}.Debug|x64.Build.0 = Debug|x64
		{43FAAF56-EA88-4D3F-95B7-14A0582F3290}.MatchServer|Win32.ActiveCfg = Release|Win32
		{43FAAF56-EA88-4D3F-95B7-14A0582F3290}.MatchServer|Win32.Build.0 = Release|Win32
		{43FAAF56-EA88-4D3F-95B7-14A0582F3290}.MatchServer|x64.ActiveCfg = Release|x64
		{43FAAF56-EA88-4D3F-95B7-14A0582F3290}.MatchServer|x64.Build.0 = Release|x64
		{43FAAF56-EA88-4D3F-95B7-14A0582F3290}.Release LTCG|Win32.ActiveCfg = Release|Win32
		{43FAAF56-EA88-4D3F-95B7-14A0582F3290}.Release LTCG|Win32.Build.0 = Release|Win32
		{43FAAF56-EA88-4D3F-95B7-14A0582F3290}.Release LTCG|x64.ActiveCfg = Release|x64
		{43FAAF56-EA88-4D3F-95B7-14A0582F3290}.Release LTCG|x64.Build.0 = Release|x64
		{43FAAF56-EA88-4D3F-95B7-14A0582F3290}.Release_HShield|Win32.ActiveCfg = Release|Win32
		{43FAAF56-EA88-4D3F-95B7-14A0582F3290}.Release_HShield|Win32.Build.0 = Release|Win32
		{43FAAF56-EA88-4D3F-95B7-14A0582F3290}.Release_HShield|x64.ActiveCfg = Release|x64
		{43FAAF56-EA88-4D3F-95B7-14A0582F3290}.Release_HShield|x64.Build.0 = Release|x64
		{43FAAF56-EA88-4D3F-95B7-14A0582F3290}.Release_publish|Win32.ActiveCfg = Release|Win32
		{43FAAF56-EA88-4D3F-95B7-14A0582F3290}.Release_publish|Win32.Build.0 = Release|Win32
		{43FAAF56-EA88-4D3F-95B7-14A0582F3290}.Release_publish|x64.ActiveCfg = Release|x64
		{43FAAF56-EA88-4D3F-95B7-14A0582F3290}.Release_publish|x64.Build.0 = Release|x64
		{43FAAF56-EA88-4D3F-95B7-14A0582F3290}.Release|Win32.ActiveCfg = Release|Win32
		{43FAAF56-EA88-4D3F-95B7-14A0582F3290}.Release|Win32.Build.0 = Release|Win32
		{43FAAF56-EA88-4D3F-95B7-14A0582F3290}.Release|x64.ActiveCfg = Release|x64
		{43FAAF56-EA88-4D3F-95B7-14A0582F3290}.Release|x64.Build.0 = Release|x64
		{43FAAF56-EA88-4D3F-95B7-14A0582F3290}.z_BRZ_Debug|Win32.ActiveCfg = Debug|Win32
		{43FAAF56-EA88-4D3F-95B7-14A0582F3290}.z_BRZ_Debug|Win32.Build.0 = Debug|Win32
		{43FAAF56-EA88-4D3F-95B7-14A0582F3290}.z_BRZ_Debug|x64.ActiveCfg = Debug|x64
		{43FAAF56-EA88-4D3F-95B7-14A0582F3290}.z_BRZ_Debug|x64.Build.0 = Debug|x64
		{43FAAF56-EA88-4D3F-95B7-14A0582F3290}.z_BRZ_Release_publish|Win32.ActiveCfg = Release|Win32
		{43FAAF56-EA88-4D3F-95B7-14A0582F3290}.z_BRZ_Release_publish|Win32.Build.0 = Release|Win32
		{43FAAF56-EA88-4D3F-95B7-14A0582F3290}.z_BRZ_Release_publish|x64.ActiveCfg = Release|x64
		{43FAAF56-EA88-4D3F-95B7-14A0582F3290}.z_BRZ_Release_publish|x64.Build.0 = Release|x64
		{43FAAF56-EA88-4D3F-95B7-14A0582F3290}.z_IND_Debug|Win32.ActiveCfg = Debug|Win32
		{43FAAF56-EA88-4D3F-95B7-14A0582F3290}.z_IND_Debug|Win32.Build.0 = Debug|Win32
		{43FAAF56-EA88-4D3F-95B7-14A0582F3290}.z_IND_Debug|x64.ActiveCfg = Debug|x64
		{43FAAF56-EA88-4D3F-95B7-14A0582F3290}.z_IND_Debug|x64.Build.0 = Debug|x64
		{43FAAF56-EA88-4D3F-95B7-14A0582F3290}.z_IND_Release_publish|Win32.ActiveCfg = Release|Win32
		{43FAAF56-EA88-4D3F-95B7-14A0582F3290}.z_IND_Release_publish|Win32.Build.0 = Release|Win32
		{43FAAF56-EA88-4D3F-95B7-14A0582F3290}.z_IND_Release_publish|x64.ActiveCfg = Release|x64
		{43FAAF56-EA88-4D3F-95B7-14A0582F3290}.z_IND_Release_publish|x64.Build.0 = Release|x64
		{43FAAF56-EA88-4D3F-95B7-14A0582F3290}.z_JPN_DEBUG|Win32.ActiveCfg = Debug|Win32
		{43FAAF56-EA88-4D3F-95B7-14A0582F3290}.z_JPN_DEBUG|Win32.Build.0 = Debug|Win32
		{43FAAF56-EA88-4D3F-95B7-14A0582F3290}.z_JPN_DEBUG|x64.ActiveCfg = Release|x64
		{43FAAF56-EA88-4D3F-95B7-14A0582F3290}.z_JPN_DEBUG|x64.Build.0 = Release|x64
		{43FAAF56-EA88-4D3F-95B7-14A0582F3290}.z_JPN_Release_publish|Win32.ActiveCfg = Release|Win32
		{43FAAF56-EA88-4D3F-95B7-14A0582F3290}.z_JPN_Release_publish|Win32.Build.0 = Release|Win32
		{43FAAF56-EA88-4D3F-95B7-14A0582F3290}.z_JPN_Release_publish|x64.ActiveCfg = Release|x64
		{43FAAF56-EA88-4D3F-95B7-14A0582F3290}.z_JPN_Release_publish|x64.Build.0 = Release|x64
		{43FAAF56-EA88-4D3F-95B7-14A0582F3290}.z_US_Debug|Win32.ActiveCfg = Debug|Win32
		{43FAAF56-EA88-4D3F-95B7-14A0582F3290}.z_US_Debug|Win32.Build.0 = Debug|Win32
		{43FAAF56-EA88-4D3F-95B7-14A0582F3290}.z_US_Debug|x64.ActiveCfg = Debug|x64
		{43FAAF56-EA88-4D3F-95B7-14A0582F3290}.z_US_Debug|x64.Build.0 = Debug|x64
		{43FAAF56-EA88-4D3F-95B7-14A0582F3290}.z_US_Release_publish|Win32.ActiveCfg = Release|Win32
		{43FAAF56-EA88-4D3F-95B7-14A0582F3290}.z_US_Release_publish|Win32.Build.0 = Release|Win32
		{43FAAF56-EA88-4D3F-95B7-14A0582F3290}.z_US_Release_publish|x64.ActiveCfg = Release|x64
		{43FAAF56-EA88-4D3F-95B7-14A0582F3290}.z_US_Release_publish|x64.Build.0 = Release|x64
		{68FD6FF4-464A-4484-B397-0DFCC060B773}.Debug_tracememory|Win32.ActiveCfg = Debug|Win32
		{68FD6FF4-464A-4484-B397-0DFCC060B773}.Debug_tracememory|Win32.Build.0 = Debug|Win32
		{68FD6FF4-464A-4484-B397-0DFCC060B773}.Debug_tracememory|x64.ActiveCfg = Debug|x64
		{68FD6FF4-464A-4484-B397-0DFCC060B773}.Debug_tracememory|x64.Build.0 = Debug|x64
		{68FD6FF4-464A-4484-B397-0DFCC060B773}.Debug|Win32.ActiveCfg = Debug|Win32
		{68FD6FF4-464A-4484-B397-0DFCC060B773}.Debug|Win32.Build.0 = Debug|Win32
		{68FD6FF4-464A-4484-B397-0DFCC060B773}.Debug|x64.ActiveCfg = Debug|x64
		{68FD6FF4-464A-4484-B397-0DFCC060B773}.Debug|x64.Build.0 = Debug|x64
		{68FD6FF4-464A-4484-B397-0DFCC060B773}.MatchServer|Win32.ActiveCfg = Release|Win32
		{68FD6FF4-464A-4484-B397-0DFCC060B773}.MatchServer|Win32.Build.0 = Release|Win32
		{68FD6FF4-464A-4484-B397-0DFCC060B773}.MatchServer|x64.ActiveCfg = Release|x64
		{68FD6FF4-464A-4484-B397-0DFCC060B773}.MatchServer|x64.Build.0 = Release|x64
		{68FD6FF4-464A-4484-B397-0DFCC060B773}.Release LTCG|Win32.ActiveCfg = Release LTCG|Win32
		{68FD6FF4-464A-4484-B397-0DFCC060B773}.Release LTCG|Win32.Build.0 = Release LTCG|Win32
		{68FD6FF4-464A-4484-B397-0DFCC060B773}.Release LTCG|x64.ActiveCfg = Release LTCG|x64
		{68FD6FF4-464A-4484-B397-0DFCC060B773}.Release LTCG|x64.Build.0 = Release LTCG|x64
		{68FD6FF4-464A-4484-B397-0DFCC060B773}.Release_HShield|Win32.ActiveCfg = Release|Win32
		{68FD6FF4-464A-4484-B397-0DFCC060B773}.Release_HShield|Win32.Build.0 = Release|Win32
		{68FD6FF4-464A-4484-B397-0DFCC060B773}.Release_HShield|x64.ActiveCfg = Release|x64
		{68FD6FF4-464A-4484-B397-0DFCC060B773}.Release_HShield|x64.Build.0 = Release|x64
		{68FD6FF4-464A-4484-B397-0DFCC060B773}.Release_publish|Win32.ActiveCfg = Release|Win32
		{68FD6FF4-464A-4484-B397-0DFCC060B773}.Release_publish|Win32.Build.0 = Release|Win32
		{68FD6FF4-464A-4484-B397-0DFCC060B773}.Release_publish|x64.ActiveCfg = Release|x64
		{68FD6FF4-464A-4484-B397-0DFCC060B773}.Release_publish|x64.Build.0 = Release|x64
		{68FD6FF4-464A-4484-B397-0DFCC060B773}.Release|Win32.ActiveCfg = Release|Win32
		{68FD6FF4-464A-4484-B397-0DFCC060B773}.Release|Win32.Build.0 = Release|Win32
		{68FD6FF4-464A-4484-B397-0DFCC060B773}.Release|x64.ActiveCfg = Release|x64
		{68FD6FF4-464A-4484-B397-0DFCC060B773}.Release|x64.Build.0 = Release|x64
		{68FD6FF4-464A-4484-B397-0DFCC060B773}.z_BRZ_Debug|Win32.ActiveCfg = Debug|Win32
		{68FD6FF4-464A-4484-B397-0DFCC060B773}.z_BRZ_Debug|Win32.Build.0 = Debug|Win32
		{68FD6FF4-464A-4484-B397-0DFCC060B773}.z_BRZ_Debug|x64.ActiveCfg = Debug|x64
		{68FD6FF4-464A-4484-B397-0DFCC060B773}.z_BRZ_Debug|x64.Build.0 = Debug|x64
		{68FD6FF4-464A-4484-B397-0DFCC060B773}.z_BRZ_Release_publish|Win32.ActiveCfg = Release|Win32
		{68FD6FF4-464A-4484-B397-0DFCC060B773}.z_BRZ_Release_publish|Win32.Build.0 = Release|Win32
		{68FD6FF4-464A-4484-B397-0DFCC060B773}.z_BRZ_Release_publish|x64.ActiveCfg = Release|x64
		{68FD6FF4-464A-4484-B397-0DFCC060B773}.z_BRZ_Release_publish|x64.Build.0 = Release|x64
		{68FD6FF4-464A-4484-B397-0DFCC060B773}.z_IND_Debug|Win32.ActiveCfg = Debug|Win32
		{68FD6FF4-464A-4484-B397-0DFCC060B773}.z_IND_Debug|Win32.Build.0 = Debug|Win32
		{68FD6FF4-464A-4484-B397-0DFCC060B773}.z_IND_Debug|x64.ActiveCfg = Debug|x64
		{68FD6FF4-464A-4484-B397-0DFCC060B773}.z_IND_Debug|x64.Build.0 = Debug|x64
		{68FD6FF4-464A-4484-B397-0DFCC060B773}.z_IND_Release_publish|Win32.ActiveCfg = Release|Win32
		{68FD6FF4-464A-4484-B397-0DFCC060B773}.z_IND_Release_publish|Win32.Build.0 = Release|Win32
		{68FD6FF4-464A-4484-B397-0DFCC060B773}.z_IND_Release_publish|x64.ActiveCfg = Release|x64
		{68FD6FF4-464A-4484-B397-0DFCC060B773}.z_IND_Release_publish|x64.Build.0 = Release|x64
		{68FD6FF4-464A-4484-B397-0DFCC060B773}.z_JPN_DEBUG|Win32.ActiveCfg = Release|Win32
		{68FD6FF4-464A-4484-B397-0DFCC060B773}.z_JPN_DEBUG|Win32.Build.0 = Release|Win32
		{68FD6FF4-464A-4484-B397-0DFCC060B773}.z_JPN_DEBUG|x64.ActiveCfg = Release|x64
		{68FD6FF4-464A-4484-B397-0DFCC060B773}.z_JPN_DEBUG|x64.Build.0 = Release|x64
		{68FD6FF4-464A-4484-B397-0DFCC060B773}.z_JPN_Release_publish|Win32.ActiveCfg = Release|Win32
		{68FD6FF4-464A-4484-B397-0DFCC060B773}.z_JPN_Release_publish|Win32.Build.0 = Release|Win32
		{68FD6FF4-464A-4484-B397-0DFCC060B773}.z_JPN_Release_publish|x64.ActiveCfg = Release|x64
		{68FD6FF4-464A-4484-B397-0DFCC060B773}.z_JPN_Release_publish|x64.Build.0 = Release|x64
		{68FD6FF4-464A-4484-B397-0DFCC060B773}.z_US_Debug|Win32.ActiveCfg = Debug|Win32
		{68FD6FF4-464A-4484-B397-0DFCC060B773}.z_US_Debug|Win32.Build.0 = Debug|Win32
		{68FD6FF4-464A-4484-B397-0DFCC060B773}.z_US_Debug|x64.ActiveCfg = Debug|x64
		{68FD6FF4-464A-4484-B397-0DFCC060B773}.z_US_Debug|x64.Build.0 = Debug|x64
		{68FD6FF4-464A-4484-B397-0DFCC060B773}.z_US_Release_publish|Win32.ActiveCfg = Release|Win32
		{68FD6FF4-464A-4484-B397-0DFCC060B773}.z_US_Release_publish|Win32.Build.0 = Release|Win32
		{68FD6FF4-464A-4484-B397-0DFCC060B773}.z_US_Release_publish|x64.ActiveCfg = Release|x64
		{68FD6FF4-464A-4484-B397-0DFCC060B773}.z_US_Release_publish|x64.Build.0 = Release|x64
		{52E0F2E1-25FE-4F22-B82C-B000972D8F5A}.Debug_tracememory|Win32.ActiveCfg = Debug|Win32
		{52E0F2E1-25FE-4F22-B82C-B000972D8F5A}.Debug_tracememory|Win32.Build.0 = Debug|Win32
		{52E0F2E1-25FE-4F22-B82C-B000972D8F5A}.Debug_tracememory|x64.ActiveCfg = Release|Win32
		{52E0F2E1-25FE-4F22-B82C-B000972D8F5A}.Debug_tracememory|x64.Build.0 = Release|Win32
		{52E0F2E1-25FE-4F22-B82C-B000972D8F5A}.Debug|Win32.ActiveCfg = Library Debug|Win32
		{52E0F2E1-25FE-4F22-B82C-B000972D8F5A}.Debug|Win32.Build.0 = Library Debug|Win32
		{52E0F2E1-25FE-4F22-B82C-B000972D8F5A}.Debug|x64.ActiveCfg = Debug|Win32
		{52E0F2E1-25FE-4F22-B82C-B000972D8F5A}.MatchServer|Win32.ActiveCfg = Library Release|Win32
		{52E0F2E1-25FE-4F22-B82C-B000972D8F5A}.MatchServer|Win32.Build.0 = Library Release|Win32
		{52E0F2E1-25FE-4F22-B82C-B000972D8F5A}.MatchServer|x64.ActiveCfg = Release|Win32
		{52E0F2E1-25FE-4F22-B82C-B000972D8F5A}.MatchServer|x64.Build.0 = Release|Win32
		{52E0F2E1-25FE-4F22-B82C-B000972D8F5A}.Release LTCG|Win32.ActiveCfg = Release|Win32
		{52E0F2E1-25FE-4F22-B82C-B000972D8F5A}.Release LTCG|Win32.Build.0 = Release|Win32
		{52E0F2E1-25FE-4F22-B82C-B000972D8F5A}.Release LTCG|x64.ActiveCfg = Release|Win32
		{52E0F2E1-25FE-4F22-B82C-B000972D8F5A}.Release LTCG|x64.Build.0 = Release|Win32
		{52E0F2E1-25FE-4F22-B82C-B000972D8F5A}.Release_HShield|Win32.ActiveCfg = Release|Win32
		{52E0F2E1-25FE-4F22-B82C-B000972D8F5A}.Release_HShield|Win32.Build.0 = Release|Win32
		{52E0F2E1-25FE-4F22-B82C-B000972D8F5A}.Release_HShield|x64.ActiveCfg = Release|Win32
		{52E0F2E1-25FE-4F22-B82C-B000972D8F5A}.Release_HShield|x64.Build.0 = Release|Win32
		{52E0F2E1-25FE-4F22-B82C-B000972D8F5A}.Release_publish|Win32.ActiveCfg = Release|Win32
		{52E0F2E1-25FE-4F22-B82C-B000972D8F5A}.Release_publish|Win32.Build.0 = Release|Win32
		{52E0F2E1-25FE-4F22-B82C-B000972D8F5A}.Release_publish|x64.ActiveCfg = Release|Win32
		{52E0F2E1-25FE-4F22-B82C-B000972D8F5A}.Release_publish|x64.Build.0 = Release|Win32
		{52E0F2E1-25FE-4F22-B82C-B000972D8F5A}.Release|Win32.ActiveCfg = Release|Win32
		{52E0F2E1-25FE-4F22-B82C-B000972D8F5A}.Release|Win32.Build.0 = Release|Win32
		{52E0F2E1-25FE-4F22-B82C-B000972D8F5A}.Release|x64.ActiveCfg = Release|Win32
		{52E0F2E1-25FE-4F22-B82C-B000972D8F5A}.z_BRZ_Debug|Win32.ActiveCfg = Debug|Win32
		{52E0F2E1-25FE-4F22-B82C-B000972D8F5A}.z_BRZ_Debug|Win32.Build.0 = Debug|Win32
		{52E0F2E1-25FE-4F22-B82C-B000972D8F5A}.z_BRZ_Debug|x64.ActiveCfg = Release|Win32
		{52E0F2E1-25FE-4F22-B82C-B000972D8F5A}.z_BRZ_Debug|x64.Build.0 = Release|Win32
		{52E0F2E1-25FE-4F22-B82C-B000972D8F5A}.z_BRZ_Release_publish|Win32.ActiveCfg = Release|Win32
		{52E0F2E1-25FE-4F22-B82C-B000972D8F5A}.z_BRZ_Release_publish|Win32.Build.0 = Release|Win32
		{52E0F2E1-25FE-4F22-B82C-B000972D8F5A}.z_BRZ_Release_publish|x64.ActiveCfg = Release|Win32
		{52E0F2E1-25FE-4F22-B82C-B000972D8F5A}.z_BRZ_Release_publish|x64.Build.0 = Release|Win32
		{52E0F2E1-25FE-4F22-B82C-B000972D8F5A}.z_IND_Debug|Win32.ActiveCfg = Debug|Win32
		{52E0F2E1-25FE-4F22-B82C-B000972D8F5A}.z_IND_Debug|Win32.Build.0 = Debug|Win32
		{52E0F2E1-25FE-4F22-B82C-B000972D8F5A}.z_IND_Debug|x64.ActiveCfg = Release|Win32
		{52E0F2E1-25FE-4F22-B82C-B000972D8F5A}.z_IND_Debug|x64.Build.0 = Release|Win32
		{52E0F2E1-25FE-4F22-B82C-B000972D8F5A}.z_IND_Release_publish|Win32.ActiveCfg = Release|Win32
		{52E0F2E1-25FE-4F22-B82C-B000972D8F5A}.z_IND_Release_publish|Win32.Build.0 = Release|Win32
		{52E0F2E1-25FE-4F22-B82C-B000972D8F5A}.z_IND_Release_publish|x64.ActiveCfg = Release|Win32
		{52E0F2E1-25FE-4F22-B82C-B000972D8F5A}.z_IND_Release_publish|x64.Build.0 = Release|Win32
		{52E0F2E1-25FE-4F22-B82C-B000972D8F5A}.z_JPN_DEBUG|Win32.ActiveCfg = Release|Win32
		{52E0F2E1-25FE-4F22-B82C-B000972D8F5A}.z_JPN_DEBUG|Win32.Build.0 = Release|Win32
		{52E0F2E1-25FE-4F22-B82C-B000972D8F5A}.z_JPN_DEBUG|x64.ActiveCfg = Release|Win32
		{52E0F2E1-25FE-4F22-B82C-B000972D8F5A}.z_JPN_DEBUG|x64.Build.0 = Release|Win32
		{52E0F2E1-25FE-4F22-B82C-B000972D8F5A}.z_JPN_Release_publish|Win32.ActiveCfg = Release|Win32
		{52E0F2E1-25FE-4F22-B82C-B000972D8F5A}.z_JPN_Release_publish|Win32.Build.0 = Release|Win32
		{52E0F2E1-25FE-4F22-B82C-B000972D8F5A}.z_JPN_Release_publish|x64.ActiveCfg = Release|Win32
		{52E0F2E1-25FE-4F22-B82C-B000972D8F5A}.z_JPN_Release_publish|x64.Build.0 = Release|Win32
		{52E0F2E1-25FE-4F22-B82C-B000972D8F5A}.z_US_Debug|Win32.ActiveCfg = Debug|Win32
		{52E0F2E1-25FE-4F22-B82C-B000972D8F5A}.z_US_Debug|Win32.Build.0 = Debug|Win32
		{52E0F2E1-25FE-4F22-B82C-B000972D8F5A}.z_US_Debug|x64.ActiveCfg = Release|Win32
		{52E0F2E1-25FE-4F22-B82C-B000972D8F5A}.z_US_Debug|x64.Build.0 = Release|Win32
		{52E0F2E1-25FE-4F22-B82C-B000972D8F5A}.z_US_Release_publish|Win32.ActiveCfg = Release|Win32
		{52E0F2E1-25FE-4F22-B82C-B000972D8F5A}.z_US_Release_publish|Win32.Build.0 = Release|Win32
		{52E0F2E1-25FE-4F22-B82C-B000972D8F5A}.z_US_Release_publish|x64.ActiveCfg = Release|Win32
		{52E0F2E1-25FE-4F22-B82C-B000972D8F5A}.z_US_Release_publish|x64.Build.0 = Release|Win32
	EndGlobalSection
	GlobalSection(SolutionProperties) = preSolution
		HideSolutionNode = FALSE
	EndGlobalSection
EndGlobal
