Microsoft Visual Studio Solution File, Format Version 12.00
# Visual Studio 14
VisualStudioVersion = 14.0.24720.0
MinimumVisualStudioVersion = 10.0.40219.1
Project("{8BC9CEB8-8B4A-11D0-8D11-00A0C91BC942}") = "CSCommon", "..\CSCommon\CSCommon.vcxproj", "{CBD109C1-1AA3-4A57-B439-9919C08FAAA5}"
EndProject
Project("{8BC9CEB8-8B4A-11D0-8D11-00A0C91BC942}") = "SafeUDP", "..\SafeUDP\SafeUDP.vcxproj", "{6C8069BD-5E8C-41EC-8BD9-2F819291BA67}"
EndProject
Project("{8BC9CEB8-8B4A-11D0-8D11-00A0C91BC942}") = "cml", "..\cml\cml.vcxproj", "{8D451493-65C2-49C3-ADAE-ACB17E6B0650}"
EndProject
Project("{8BC9CEB8-8B4A-11D0-8D11-00A0C91BC942}") = "MatchServer", "MatchServer.vcxproj", "{F9030DCC-F51B-4091-BCD5-7E4C9576E92E}"
EndProject
Project("{8BC9CEB8-8B4A-11D0-8D11-00A0C91BC942}") = "MDatabase", "..\MDatabase\MDatabase.vcxproj", "{98475FA7-BEA2-42EE-9B1C-31D9684D237B}"
EndProject
Project("{8BC9CEB8-8B4A-11D0-8D11-00A0C91BC942}") = "MCountryFilter", "..\MCountryFilter\MCountryFilter.vcxproj", "{43FAAF56-EA88-4D3F-95B7-14A0582F3290}"
EndProject
Global
	GlobalSection(SolutionConfigurationPlatforms) = preSolution
		Debug_tracememory|Win32 = Debug_tracememory|Win32
		Debug|Win32 = Debug|Win32
		MatchServer|Win32 = MatchServer|Win32
		Release_HShield|Win32 = Release_HShield|Win32
		Release_publish|Win32 = Release_publish|Win32
		Release|Win32 = Release|Win32
		z_BRZ_Debug|Win32 = z_BRZ_Debug|Win32
		z_BRZ_Release_publish|Win32 = z_BRZ_Release_publish|Win32
		z_IND_Debug|Win32 = z_IND_Debug|Win32
		z_IND_Release_publish|Win32 = z_IND_Release_publish|Win32
		z_JPN_DEBUG|Win32 = z_JPN_DEBUG|Win32
		z_JPN_Release_publish|Win32 = z_JPN_Release_publish|Win32
		z_US_Debug|Win32 = z_US_Debug|Win32
		z_US_Release_publish|Win32 = z_US_Release_publish|Win32
	EndGlobalSection
	GlobalSection(ProjectConfigurationPlatforms) = postSolution
		{CBD109C1-1AA3-4A57-B439-9919C08FAAA5}.Debug_tracememory|Win32.ActiveCfg = Debug|Win32
		{CBD109C1-1AA3-4A57-B439-9919C08FAAA5}.Debug_tracememory|Win32.Build.0 = Debug|Win32
		{CBD109C1-1AA3-4A57-B439-9919C08FAAA5}.Debug|Win32.ActiveCfg = Debug|Win32
		{CBD109C1-1AA3-4A57-B439-9919C08FAAA5}.Debug|Win32.Build.0 = Debug|Win32
		{CBD109C1-1AA3-4A57-B439-9919C08FAAA5}.MatchServer|Win32.ActiveCfg = Release|Win32
		{CBD109C1-1AA3-4A57-B439-9919C08FAAA5}.MatchServer|Win32.Build.0 = Release|Win32
		{CBD109C1-1AA3-4A57-B439-9919C08FAAA5}.Release_HShield|Win32.ActiveCfg = Release_publish|Win32
		{CBD109C1-1AA3-4A57-B439-9919C08FAAA5}.Release_HShield|Win32.Build.0 = Release_publish|Win32
		{CBD109C1-1AA3-4A57-B439-9919C08FAAA5}.Release_publish|Win32.ActiveCfg = Release|Win32
		{CBD109C1-1AA3-4A57-B439-9919C08FAAA5}.Release_publish|Win32.Build.0 = Release|Win32
		{CBD109C1-1AA3-4A57-B439-9919C08FAAA5}.Release|Win32.ActiveCfg = Release|Win32
		{CBD109C1-1AA3-4A57-B439-9919C08FAAA5}.Release|Win32.Build.0 = Release|Win32
		{CBD109C1-1AA3-4A57-B439-9919C08FAAA5}.z_BRZ_Debug|Win32.ActiveCfg = Debug|Win32
		{CBD109C1-1AA3-4A57-B439-9919C08FAAA5}.z_BRZ_Debug|Win32.Build.0 = Debug|Win32
		{CBD109C1-1AA3-4A57-B439-9919C08FAAA5}.z_BRZ_Release_publish|Win32.ActiveCfg = Release_publish|Win32
		{CBD109C1-1AA3-4A57-B439-9919C08FAAA5}.z_BRZ_Release_publish|Win32.Build.0 = Release_publish|Win32
		{CBD109C1-1AA3-4A57-B439-9919C08FAAA5}.z_IND_Debug|Win32.ActiveCfg = Debug|Win32
		{CBD109C1-1AA3-4A57-B439-9919C08FAAA5}.z_IND_Debug|Win32.Build.0 = Debug|Win32
		{CBD109C1-1AA3-4A57-B439-9919C08FAAA5}.z_IND_Release_publish|Win32.ActiveCfg = Release_publish|Win32
		{CBD109C1-1AA3-4A57-B439-9919C08FAAA5}.z_IND_Release_publish|Win32.Build.0 = Release_publish|Win32
		{CBD109C1-1AA3-4A57-B439-9919C08FAAA5}.z_JPN_DEBUG|Win32.ActiveCfg = Release_publish|Win32
		{CBD109C1-1AA3-4A57-B439-9919C08FAAA5}.z_JPN_DEBUG|Win32.Build.0 = Release_publish|Win32
		{CBD109C1-1AA3-4A57-B439-9919C08FAAA5}.z_JPN_Release_publish|Win32.ActiveCfg = Release_publish|Win32
		{CBD109C1-1AA3-4A57-B439-9919C08FAAA5}.z_JPN_Release_publish|Win32.Build.0 = Release_publish|Win32
		{CBD109C1-1AA3-4A57-B439-9919C08FAAA5}.z_US_Debug|Win32.ActiveCfg = Debug|Win32
		{CBD109C1-1AA3-4A57-B439-9919C08FAAA5}.z_US_Debug|Win32.Build.0 = Debug|Win32
		{CBD109C1-1AA3-4A57-B439-9919C08FAAA5}.z_US_Release_publish|Win32.ActiveCfg = Release_publish|Win32
		{CBD109C1-1AA3-4A57-B439-9919C08FAAA5}.z_US_Release_publish|Win32.Build.0 = Release_publish|Win32
		{6C8069BD-5E8C-41EC-8BD9-2F819291BA67}.Debug_tracememory|Win32.ActiveCfg = Debug|Win32
		{6C8069BD-5E8C-41EC-8BD9-2F819291BA67}.Debug_tracememory|Win32.Build.0 = Debug|Win32
		{6C8069BD-5E8C-41EC-8BD9-2F819291BA67}.Debug|Win32.ActiveCfg = Debug|Win32
		{6C8069BD-5E8C-41EC-8BD9-2F819291BA67}.Debug|Win32.Build.0 = Debug|Win32
		{6C8069BD-5E8C-41EC-8BD9-2F819291BA67}.MatchServer|Win32.ActiveCfg = Release|Win32
		{6C8069BD-5E8C-41EC-8BD9-2F819291BA67}.MatchServer|Win32.Build.0 = Release|Win32
		{6C8069BD-5E8C-41EC-8BD9-2F819291BA67}.Release_HShield|Win32.ActiveCfg = Release_HShield|Win32
		{6C8069BD-5E8C-41EC-8BD9-2F819291BA67}.Release_HShield|Win32.Build.0 = Release_HShield|Win32
		{6C8069BD-5E8C-41EC-8BD9-2F819291BA67}.Release_publish|Win32.ActiveCfg = Release|Win32
		{6C8069BD-5E8C-41EC-8BD9-2F819291BA67}.Release_publish|Win32.Build.0 = Release|Win32
		{6C8069BD-5E8C-41EC-8BD9-2F819291BA67}.Release|Win32.ActiveCfg = Release|Win32
		{6C8069BD-5E8C-41EC-8BD9-2F819291BA67}.Release|Win32.Build.0 = Release|Win32
		{6C8069BD-5E8C-41EC-8BD9-2F819291BA67}.z_BRZ_Debug|Win32.ActiveCfg = Debug|Win32
		{6C8069BD-5E8C-41EC-8BD9-2F819291BA67}.z_BRZ_Debug|Win32.Build.0 = Debug|Win32
		{6C8069BD-5E8C-41EC-8BD9-2F819291BA67}.z_BRZ_Release_publish|Win32.ActiveCfg = Release|Win32
		{6C8069BD-5E8C-41EC-8BD9-2F819291BA67}.z_BRZ_Release_publish|Win32.Build.0 = Release|Win32
		{6C8069BD-5E8C-41EC-8BD9-2F819291BA67}.z_IND_Debug|Win32.ActiveCfg = Debug|Win32
		{6C8069BD-5E8C-41EC-8BD9-2F819291BA67}.z_IND_Debug|Win32.Build.0 = Debug|Win32
		{6C8069BD-5E8C-41EC-8BD9-2F819291BA67}.z_IND_Release_publish|Win32.ActiveCfg = Release|Win32
		{6C8069BD-5E8C-41EC-8BD9-2F819291BA67}.z_IND_Release_publish|Win32.Build.0 = Release|Win32
		{6C8069BD-5E8C-41EC-8BD9-2F819291BA67}.z_JPN_DEBUG|Win32.ActiveCfg = Debug|Win32
		{6C8069BD-5E8C-41EC-8BD9-2F819291BA67}.z_JPN_DEBUG|Win32.Build.0 = Debug|Win32
		{6C8069BD-5E8C-41EC-8BD9-2F819291BA67}.z_JPN_Release_publish|Win32.ActiveCfg = Release|Win32
		{6C8069BD-5E8C-41EC-8BD9-2F819291BA67}.z_JPN_Release_publish|Win32.Build.0 = Release|Win32
		{6C8069BD-5E8C-41EC-8BD9-2F819291BA67}.z_US_Debug|Win32.ActiveCfg = Debug|Win32
		{6C8069BD-5E8C-41EC-8BD9-2F819291BA67}.z_US_Debug|Win32.Build.0 = Debug|Win32
		{6C8069BD-5E8C-41EC-8BD9-2F819291BA67}.z_US_Release_publish|Win32.ActiveCfg = Release|Win32
		{6C8069BD-5E8C-41EC-8BD9-2F819291BA67}.z_US_Release_publish|Win32.Build.0 = Release|Win32
		{8D451493-65C2-49C3-ADAE-ACB17E6B0650}.Debug_tracememory|Win32.ActiveCfg = Debug|Win32
		{8D451493-65C2-49C3-ADAE-ACB17E6B0650}.Debug_tracememory|Win32.Build.0 = Debug|Win32
		{8D451493-65C2-49C3-ADAE-ACB17E6B0650}.Debug|Win32.ActiveCfg = Debug|Win32
		{8D451493-65C2-49C3-ADAE-ACB17E6B0650}.Debug|Win32.Build.0 = Debug|Win32
		{8D451493-65C2-49C3-ADAE-ACB17E6B0650}.MatchServer|Win32.ActiveCfg = MatchServer|Win32
		{8D451493-65C2-49C3-ADAE-ACB17E6B0650}.MatchServer|Win32.Build.0 = MatchServer|Win32
		{8D451493-65C2-49C3-ADAE-ACB17E6B0650}.Release_HShield|Win32.ActiveCfg = Release_HShield|Win32
		{8D451493-65C2-49C3-ADAE-ACB17E6B0650}.Release_HShield|Win32.Build.0 = Release_HShield|Win32
		{8D451493-65C2-49C3-ADAE-ACB17E6B0650}.Release_publish|Win32.ActiveCfg = Release_publish|Win32
		{8D451493-65C2-49C3-ADAE-ACB17E6B0650}.Release_publish|Win32.Build.0 = Release_publish|Win32
		{8D451493-65C2-49C3-ADAE-ACB17E6B0650}.Release|Win32.ActiveCfg = Release|Win32
		{8D451493-65C2-49C3-ADAE-ACB17E6B0650}.Release|Win32.Build.0 = Release|Win32
		{8D451493-65C2-49C3-ADAE-ACB17E6B0650}.z_BRZ_Debug|Win32.ActiveCfg = Debug|Win32
		{8D451493-65C2-49C3-ADAE-ACB17E6B0650}.z_BRZ_Debug|Win32.Build.0 = Debug|Win32
		{8D451493-65C2-49C3-ADAE-ACB17E6B0650}.z_BRZ_Release_publish|Win32.ActiveCfg = Release_publish|Win32
		{8D451493-65C2-49C3-ADAE-ACB17E6B0650}.z_BRZ_Release_publish|Win32.Build.0 = Release_publish|Win32
		{8D451493-65C2-49C3-ADAE-ACB17E6B0650}.z_IND_Debug|Win32.ActiveCfg = Debug|Win32
		{8D451493-65C2-49C3-ADAE-ACB17E6B0650}.z_IND_Debug|Win32.Build.0 = Debug|Win32
		{8D451493-65C2-49C3-ADAE-ACB17E6B0650}.z_IND_Release_publish|Win32.ActiveCfg = Release_publish|Win32
		{8D451493-65C2-49C3-ADAE-ACB17E6B0650}.z_IND_Release_publish|Win32.Build.0 = Release_publish|Win32
		{8D451493-65C2-49C3-ADAE-ACB17E6B0650}.z_JPN_DEBUG|Win32.ActiveCfg = Debug|Win32
		{8D451493-65C2-49C3-ADAE-ACB17E6B0650}.z_JPN_DEBUG|Win32.Build.0 = Debug|Win32
		{8D451493-65C2-49C3-ADAE-ACB17E6B0650}.z_JPN_Release_publish|Win32.ActiveCfg = Release_publish|Win32
		{8D451493-65C2-49C3-ADAE-ACB17E6B0650}.z_JPN_Release_publish|Win32.Build.0 = Release_publish|Win32
		{8D451493-65C2-49C3-ADAE-ACB17E6B0650}.z_US_Debug|Win32.ActiveCfg = Debug|Win32
		{8D451493-65C2-49C3-ADAE-ACB17E6B0650}.z_US_Debug|Win32.Build.0 = Debug|Win32
		{8D451493-65C2-49C3-ADAE-ACB17E6B0650}.z_US_Release_publish|Win32.ActiveCfg = Release_publish|Win32
		{8D451493-65C2-49C3-ADAE-ACB17E6B0650}.z_US_Release_publish|Win32.Build.0 = Release_publish|Win32
		{F9030DCC-F51B-4091-BCD5-7E4C9576E92E}.Debug_tracememory|Win32.ActiveCfg = Debug_tracememory|Win32
		{F9030DCC-F51B-4091-BCD5-7E4C9576E92E}.Debug_tracememory|Win32.Build.0 = Debug_tracememory|Win32
		{F9030DCC-F51B-4091-BCD5-7E4C9576E92E}.Debug|Win32.ActiveCfg = Debug|Win32
		{F9030DCC-F51B-4091-BCD5-7E4C9576E92E}.Debug|Win32.Build.0 = Debug|Win32
		{F9030DCC-F51B-4091-BCD5-7E4C9576E92E}.MatchServer|Win32.ActiveCfg = Release|Win32
		{F9030DCC-F51B-4091-BCD5-7E4C9576E92E}.MatchServer|Win32.Build.0 = Release|Win32
		{F9030DCC-F51B-4091-BCD5-7E4C9576E92E}.Release_HShield|Win32.ActiveCfg = Release|Win32
		{F9030DCC-F51B-4091-BCD5-7E4C9576E92E}.Release_HShield|Win32.Build.0 = Release|Win32
		{F9030DCC-F51B-4091-BCD5-7E4C9576E92E}.Release_publish|Win32.ActiveCfg = Release|Win32
		{F9030DCC-F51B-4091-BCD5-7E4C9576E92E}.Release_publish|Win32.Build.0 = Release|Win32
		{F9030DCC-F51B-4091-BCD5-7E4C9576E92E}.Release|Win32.ActiveCfg = Release|Win32
		{F9030DCC-F51B-4091-BCD5-7E4C9576E92E}.Release|Win32.Build.0 = Release|Win32
		{F9030DCC-F51B-4091-BCD5-7E4C9576E92E}.z_BRZ_Debug|Win32.ActiveCfg = z_BRZ_DEBUG|Win32
		{F9030DCC-F51B-4091-BCD5-7E4C9576E92E}.z_BRZ_Debug|Win32.Build.0 = z_BRZ_DEBUG|Win32
		{F9030DCC-F51B-4091-BCD5-7E4C9576E92E}.z_BRZ_Release_publish|Win32.ActiveCfg = z_BRZ_Release_publish|Win32
		{F9030DCC-F51B-4091-BCD5-7E4C9576E92E}.z_BRZ_Release_publish|Win32.Build.0 = z_BRZ_Release_publish|Win32
		{F9030DCC-F51B-4091-BCD5-7E4C9576E92E}.z_IND_Debug|Win32.ActiveCfg = z_IND_Debug|Win32
		{F9030DCC-F51B-4091-BCD5-7E4C9576E92E}.z_IND_Debug|Win32.Build.0 = z_IND_Debug|Win32
		{F9030DCC-F51B-4091-BCD5-7E4C9576E92E}.z_IND_Release_publish|Win32.ActiveCfg = z_IND_Release_publish|Win32
		{F9030DCC-F51B-4091-BCD5-7E4C9576E92E}.z_IND_Release_publish|Win32.Build.0 = z_IND_Release_publish|Win32
		{F9030DCC-F51B-4091-BCD5-7E4C9576E92E}.z_JPN_DEBUG|Win32.ActiveCfg = z_JPN_Debug|Win32
		{F9030DCC-F51B-4091-BCD5-7E4C9576E92E}.z_JPN_DEBUG|Win32.Build.0 = z_JPN_Debug|Win32
		{F9030DCC-F51B-4091-BCD5-7E4C9576E92E}.z_JPN_Release_publish|Win32.ActiveCfg = z_JPN_Release_publish|Win32
		{F9030DCC-F51B-4091-BCD5-7E4C9576E92E}.z_JPN_Release_publish|Win32.Build.0 = z_JPN_Release_publish|Win32
		{F9030DCC-F51B-4091-BCD5-7E4C9576E92E}.z_US_Debug|Win32.ActiveCfg = z_US_Debug|Win32
		{F9030DCC-F51B-4091-BCD5-7E4C9576E92E}.z_US_Debug|Win32.Build.0 = z_US_Debug|Win32
		{F9030DCC-F51B-4091-BCD5-7E4C9576E92E}.z_US_Release_publish|Win32.ActiveCfg = z_US_Release_publish|Win32
		{F9030DCC-F51B-4091-BCD5-7E4C9576E92E}.z_US_Release_publish|Win32.Build.0 = z_US_Release_publish|Win32
		{98475FA7-BEA2-42EE-9B1C-31D9684D237B}.Debug_tracememory|Win32.ActiveCfg = Debug|Win32
		{98475FA7-BEA2-42EE-9B1C-31D9684D237B}.Debug_tracememory|Win32.Build.0 = Debug|Win32
		{98475FA7-BEA2-42EE-9B1C-31D9684D237B}.Debug|Win32.ActiveCfg = Debug|Win32
		{98475FA7-BEA2-42EE-9B1C-31D9684D237B}.Debug|Win32.Build.0 = Debug|Win32
		{98475FA7-BEA2-42EE-9B1C-31D9684D237B}.MatchServer|Win32.ActiveCfg = Release|Win32
		{98475FA7-BEA2-42EE-9B1C-31D9684D237B}.MatchServer|Win32.Build.0 = Release|Win32
		{98475FA7-BEA2-42EE-9B1C-31D9684D237B}.Release_HShield|Win32.ActiveCfg = Release_HShield|Win32
		{98475FA7-BEA2-42EE-9B1C-31D9684D237B}.Release_HShield|Win32.Build.0 = Release_HShield|Win32
		{98475FA7-BEA2-42EE-9B1C-31D9684D237B}.Release_publish|Win32.ActiveCfg = Release|Win32
		{98475FA7-BEA2-42EE-9B1C-31D9684D237B}.Release_publish|Win32.Build.0 = Release|Win32
		{98475FA7-BEA2-42EE-9B1C-31D9684D237B}.Release|Win32.ActiveCfg = Release|Win32
		{98475FA7-BEA2-42EE-9B1C-31D9684D237B}.Release|Win32.Build.0 = Release|Win32
		{98475FA7-BEA2-42EE-9B1C-31D9684D237B}.z_BRZ_Debug|Win32.ActiveCfg = Debug|Win32
		{98475FA7-BEA2-42EE-9B1C-31D9684D237B}.z_BRZ_Debug|Win32.Build.0 = Debug|Win32
		{98475FA7-BEA2-42EE-9B1C-31D9684D237B}.z_BRZ_Release_publish|Win32.ActiveCfg = Release|Win32
		{98475FA7-BEA2-42EE-9B1C-31D9684D237B}.z_BRZ_Release_publish|Win32.Build.0 = Release|Win32
		{98475FA7-BEA2-42EE-9B1C-31D9684D237B}.z_IND_Debug|Win32.ActiveCfg = Debug|Win32
		{98475FA7-BEA2-42EE-9B1C-31D9684D237B}.z_IND_Debug|Win32.Build.0 = Debug|Win32
		{98475FA7-BEA2-42EE-9B1C-31D9684D237B}.z_IND_Release_publish|Win32.ActiveCfg = Release|Win32
		{98475FA7-BEA2-42EE-9B1C-31D9684D237B}.z_IND_Release_publish|Win32.Build.0 = Release|Win32
		{98475FA7-BEA2-42EE-9B1C-31D9684D237B}.z_JPN_DEBUG|Win32.ActiveCfg = Debug|Win32
		{98475FA7-BEA2-42EE-9B1C-31D9684D237B}.z_JPN_DEBUG|Win32.Build.0 = Debug|Win32
		{98475FA7-BEA2-42EE-9B1C-31D9684D237B}.z_JPN_Release_publish|Win32.ActiveCfg = Release|Win32
		{98475FA7-BEA2-42EE-9B1C-31D9684D237B}.z_JPN_Release_publish|Win32.Build.0 = Release|Win32
		{98475FA7-BEA2-42EE-9B1C-31D9684D237B}.z_US_Debug|Win32.ActiveCfg = Debug|Win32
		{98475FA7-BEA2-42EE-9B1C-31D9684D237B}.z_US_Debug|Win32.Build.0 = Debug|Win32
		{98475FA7-BEA2-42EE-9B1C-31D9684D237B}.z_US_Release_publish|Win32.ActiveCfg = Release|Win32
		{98475FA7-BEA2-42EE-9B1C-31D9684D237B}.z_US_Release_publish|Win32.Build.0 = Release|Win32
		{43FAAF56-EA88-4D3F-95B7-14A0582F3290}.Debug_tracememory|Win32.ActiveCfg = Debug|Win32
		{43FAAF56-EA88-4D3F-95B7-14A0582F3290}.Debug_tracememory|Win32.Build.0 = Debug|Win32
		{43FAAF56-EA88-4D3F-95B7-14A0582F3290}.Debug|Win32.ActiveCfg = Debug|Win32
		{43FAAF56-EA88-4D3F-95B7-14A0582F3290}.Debug|Win32.Build.0 = Debug|Win32
		{43FAAF56-EA88-4D3F-95B7-14A0582F3290}.MatchServer|Win32.ActiveCfg = Release|Win32
		{43FAAF56-EA88-4D3F-95B7-14A0582F3290}.MatchServer|Win32.Build.0 = Release|Win32
		{43FAAF56-EA88-4D3F-95B7-14A0582F3290}.Release_HShield|Win32.ActiveCfg = Release_HShield|Win32
		{43FAAF56-EA88-4D3F-95B7-14A0582F3290}.Release_HShield|Win32.Build.0 = Release_HShield|Win32
		{43FAAF56-EA88-4D3F-95B7-14A0582F3290}.Release_publish|Win32.ActiveCfg = Release|Win32
		{43FAAF56-EA88-4D3F-95B7-14A0582F3290}.Release_publish|Win32.Build.0 = Release|Win32
		{43FAAF56-EA88-4D3F-95B7-14A0582F3290}.Release|Win32.ActiveCfg = Release|Win32
		{43FAAF56-EA88-4D3F-95B7-14A0582F3290}.Release|Win32.Build.0 = Release|Win32
		{43FAAF56-EA88-4D3F-95B7-14A0582F3290}.z_BRZ_Debug|Win32.ActiveCfg = Debug|Win32
		{43FAAF56-EA88-4D3F-95B7-14A0582F3290}.z_BRZ_Debug|Win32.Build.0 = Debug|Win32
		{43FAAF56-EA88-4D3F-95B7-14A0582F3290}.z_BRZ_Release_publish|Win32.ActiveCfg = Release|Win32
		{43FAAF56-EA88-4D3F-95B7-14A0582F3290}.z_BRZ_Release_publish|Win32.Build.0 = Release|Win32
		{43FAAF56-EA88-4D3F-95B7-14A0582F3290}.z_IND_Debug|Win32.ActiveCfg = Debug|Win32
		{43FAAF56-EA88-4D3F-95B7-14A0582F3290}.z_IND_Debug|Win32.Build.0 = Debug|Win32
		{43FAAF56-EA88-4D3F-95B7-14A0582F3290}.z_IND_Release_publish|Win32.ActiveCfg = Release|Win32
		{43FAAF56-EA88-4D3F-95B7-14A0582F3290}.z_IND_Release_publish|Win32.Build.0 = Release|Win32
		{43FAAF56-EA88-4D3F-95B7-14A0582F3290}.z_JPN_DEBUG|Win32.ActiveCfg = Debug|Win32
		{43FAAF56-EA88-4D3F-95B7-14A0582F3290}.z_JPN_DEBUG|Win32.Build.0 = Debug|Win32
		{43FAAF56-EA88-4D3F-95B7-14A0582F3290}.z_JPN_Release_publish|Win32.ActiveCfg = Release|Win32
		{43FAAF56-EA88-4D3F-95B7-14A0582F3290}.z_JPN_Release_publish|Win32.Build.0 = Release|Win32
		{43FAAF56-EA88-4D3F-95B7-14A0582F3290}.z_US_Debug|Win32.ActiveCfg = Debug|Win32
		{43FAAF56-EA88-4D3F-95B7-14A0582F3290}.z_US_Debug|Win32.Build.0 = Debug|Win32
		{43FAAF56-EA88-4D3F-95B7-14A0582F3290}.z_US_Release_publish|Win32.ActiveCfg = Release|Win32
		{43FAAF56-EA88-4D3F-95B7-14A0582F3290}.z_US_Release_publish|Win32.Build.0 = Release|Win32
	EndGlobalSection
	GlobalSection(SolutionProperties) = preSolution
		HideSolutionNode = FALSE
	EndGlobalSection
EndGlobal
